=== RUN   TestEndToEndDeploymentScenario
TestEndToEndDeploymentScenario 2022-08-12T17:50:29+03:00 test_structure.go:27: The 'SKIP_setup' environment variable is not set, so executing stage 'setup'.
TestEndToEndDeploymentScenario 2022-08-12T17:50:29+03:00 save_test_data.go:188: Storing test data in ../.test-data/TerraformOptions.json so it can be reused later
TestEndToEndDeploymentScenario 2022-08-12T17:50:29+03:00 save_test_data.go:191: [WARNING] The named test data at path ../.test-data/TerraformOptions.json is non-empty. Save operation will overwrite existing value with "&{ ../ map[yc_folder:b1gunli0c206u2ra1b9l] [] [] false  map[] map[] map[] 0 0s false false false false <nil> false 0 <nil> 0  }".
.
TestEndToEndDeploymentScenario 2022-08-12T17:50:29+03:00 save_test_data.go:199: Marshalled JSON: {"TerraformBinary":"","TerraformDir":"../","Vars":{"yc_folder":"b1gunli0c206u2ra1b9l"},"VarFiles":null,"Targets":null,"Lock":false,"LockTimeout":"","EnvVars":null,"BackendConfig":null,"RetryableTerraformErrors":null,"MaxRetries":0,"TimeBetweenRetries":0,"Upgrade":false,"Reconfigure":false,"MigrateState":false,"NoColor":false,"SshAgent":null,"NoStderr":false,"OutputMaxLineSize":0,"Logger":null,"Parallelism":0,"PlanFilePath":"","PluginDir":""}
TestEndToEndDeploymentScenario 2022-08-12T17:50:29+03:00 retry.go:91: terraform [init -upgrade=false]
TestEndToEndDeploymentScenario 2022-08-12T17:50:29+03:00 logger.go:66: Running command terraform with args [init -upgrade=false]
TestEndToEndDeploymentScenario 2022-08-12T17:50:29+03:00 logger.go:66: 
TestEndToEndDeploymentScenario 2022-08-12T17:50:29+03:00 logger.go:66: [0m[1mInitializing the backend...[0m
TestEndToEndDeploymentScenario 2022-08-12T17:50:29+03:00 logger.go:66: 
TestEndToEndDeploymentScenario 2022-08-12T17:50:29+03:00 logger.go:66: [0m[1mInitializing provider plugins...[0m
TestEndToEndDeploymentScenario 2022-08-12T17:50:29+03:00 logger.go:66: - Reusing previous version of yandex-cloud/yandex from the dependency lock file
TestEndToEndDeploymentScenario 2022-08-12T17:50:30+03:00 logger.go:66: - Using previously-installed yandex-cloud/yandex v0.77.0
TestEndToEndDeploymentScenario 2022-08-12T17:50:30+03:00 logger.go:66: 
TestEndToEndDeploymentScenario 2022-08-12T17:50:30+03:00 logger.go:66: [0m[1m[32mTerraform has been successfully initialized![0m[32m[0m
TestEndToEndDeploymentScenario 2022-08-12T17:50:30+03:00 logger.go:66: [0m[32m
TestEndToEndDeploymentScenario 2022-08-12T17:50:30+03:00 logger.go:66: You may now begin working with Terraform. Try running "terraform plan" to see
TestEndToEndDeploymentScenario 2022-08-12T17:50:30+03:00 logger.go:66: any changes that are required for your infrastructure. All Terraform commands
TestEndToEndDeploymentScenario 2022-08-12T17:50:30+03:00 logger.go:66: should now work.
TestEndToEndDeploymentScenario 2022-08-12T17:50:30+03:00 logger.go:66: 
TestEndToEndDeploymentScenario 2022-08-12T17:50:30+03:00 logger.go:66: If you ever set or change modules or backend configuration for Terraform,
TestEndToEndDeploymentScenario 2022-08-12T17:50:30+03:00 logger.go:66: rerun this command to reinitialize your working directory. If you forget, other
TestEndToEndDeploymentScenario 2022-08-12T17:50:30+03:00 logger.go:66: commands will detect it and remind you to do so if necessary.[0m
TestEndToEndDeploymentScenario 2022-08-12T17:50:30+03:00 retry.go:91: terraform [apply -input=false -auto-approve -var yc_folder=b1gunli0c206u2ra1b9l -lock=false]
TestEndToEndDeploymentScenario 2022-08-12T17:50:30+03:00 logger.go:66: Running command terraform with args [apply -input=false -auto-approve -var yc_folder=b1gunli0c206u2ra1b9l -lock=false]
TestEndToEndDeploymentScenario 2022-08-12T17:50:30+03:00 logger.go:66: 
TestEndToEndDeploymentScenario 2022-08-12T17:50:30+03:00 logger.go:66: Terraform used the selected providers to generate the following execution
TestEndToEndDeploymentScenario 2022-08-12T17:50:30+03:00 logger.go:66: plan. Resource actions are indicated with the following symbols:
TestEndToEndDeploymentScenario 2022-08-12T17:50:30+03:00 logger.go:66:   [32m+[0m create
TestEndToEndDeploymentScenario 2022-08-12T17:50:30+03:00 logger.go:66: [0m
TestEndToEndDeploymentScenario 2022-08-12T17:50:30+03:00 logger.go:66: Terraform will perform the following actions:
TestEndToEndDeploymentScenario 2022-08-12T17:50:30+03:00 logger.go:66: 
TestEndToEndDeploymentScenario 2022-08-12T17:50:30+03:00 logger.go:66: [1m  # yandex_compute_instance.wp-apps["a"][0m will be created[0m[0m
TestEndToEndDeploymentScenario 2022-08-12T17:50:30+03:00 logger.go:66: [0m  [32m+[0m[0m resource "yandex_compute_instance" "wp-apps" {
TestEndToEndDeploymentScenario 2022-08-12T17:50:30+03:00 logger.go:66:       [32m+[0m [0m[1m[0mcreated_at[0m[0m                = (known after apply)
TestEndToEndDeploymentScenario 2022-08-12T17:50:30+03:00 logger.go:66:       [32m+[0m [0m[1m[0mfolder_id[0m[0m                 = (known after apply)
TestEndToEndDeploymentScenario 2022-08-12T17:50:30+03:00 logger.go:66:       [32m+[0m [0m[1m[0mfqdn[0m[0m                      = (known after apply)
TestEndToEndDeploymentScenario 2022-08-12T17:50:30+03:00 logger.go:66:       [32m+[0m [0m[1m[0mhostname[0m[0m                  = (known after apply)
TestEndToEndDeploymentScenario 2022-08-12T17:50:30+03:00 logger.go:66:       [32m+[0m [0m[1m[0mid[0m[0m                        = (known after apply)
TestEndToEndDeploymentScenario 2022-08-12T17:50:30+03:00 logger.go:66:       [32m+[0m [0m[1m[0mmetadata[0m[0m                  = {
TestEndToEndDeploymentScenario 2022-08-12T17:50:30+03:00 logger.go:66:           [32m+[0m [0m"ssh-keys" = <<-EOT
TestEndToEndDeploymentScenario 2022-08-12T17:50:30+03:00 logger.go:66:                 ubuntu:ssh-rsa AAAAB3NzaC1yc2EAAAADAQABAAACAQCwMyjZt06rvOMKN66s1yMQmdy/CEGcntM1IMrEGEfnLYzSfIZunQUwDKHT2rKkJGnB5+NEwH/ZH3S/oXMhBd44nl4L/k4qOJHO7440ad0E2y5XkCnBvQONs+giaY6IkiXFcF2sZyowDgzBk77i+xK9ZoNFw4WAFV03wnHvPRnMyW1LxDq8mwwZS4GjqIgG/+1cLELwLYCAd9fqFOnmHqAnDfCsEMHLGBQb5ZohqubugJ3d/Xm5ckowH65JjlvkLxzYwRA3uwJEfYuYIryjqhOf81p8zkH9DXleb9FUJND1Q0jPzwBVMdSvQMheGvyL2kFKUpM8bDLScO+D4h46CyjaXexqGlVOSu/rQmuaR99el8We7wlYodAhQciB/u3qNLuA+jILYs09ITIEdr1cozpu7PEulgUnzQP7FBx1HlqN3bo9gLCJlJlILnuqwmZDcj5NxKghM06+4H9nraA8Vq0OCM4K//QaSXF79Mca3jd6gmoUBJHGXzIPY0NgGPXsx/+nrGjUQcRr8qLSDeUxLTO8oaV/RnHdQUSCdaG4C2iQAVMZdmbvDnRejKrHL5ttjf5Cmy0xpk9yHECsyKQC2JwX3z+cA8cTSJkmPSjCsJP5bz1kWdTocADVoi4RuXSR05P9ohO4DXn5yUXuqSaLcqc/ITvGVvwNpfvqCD2zFCAScQ== irqoff@dell
TestEndToEndDeploymentScenario 2022-08-12T17:50:30+03:00 logger.go:66:             EOT
TestEndToEndDeploymentScenario 2022-08-12T17:50:30+03:00 logger.go:66:         }
TestEndToEndDeploymentScenario 2022-08-12T17:50:30+03:00 logger.go:66:       [32m+[0m [0m[1m[0mname[0m[0m                      = "wp-app-a"
TestEndToEndDeploymentScenario 2022-08-12T17:50:30+03:00 logger.go:66:       [32m+[0m [0m[1m[0mnetwork_acceleration_type[0m[0m = "standard"
TestEndToEndDeploymentScenario 2022-08-12T17:50:30+03:00 logger.go:66:       [32m+[0m [0m[1m[0mplatform_id[0m[0m               = "standard-v1"
TestEndToEndDeploymentScenario 2022-08-12T17:50:30+03:00 logger.go:66:       [32m+[0m [0m[1m[0mservice_account_id[0m[0m        = (known after apply)
TestEndToEndDeploymentScenario 2022-08-12T17:50:30+03:00 logger.go:66:       [32m+[0m [0m[1m[0mstatus[0m[0m                    = (known after apply)
TestEndToEndDeploymentScenario 2022-08-12T17:50:30+03:00 logger.go:66:       [32m+[0m [0m[1m[0mzone[0m[0m                      = "ru-central1-a"
TestEndToEndDeploymentScenario 2022-08-12T17:50:30+03:00 logger.go:66: 
TestEndToEndDeploymentScenario 2022-08-12T17:50:30+03:00 logger.go:66:       [32m+[0m [0mboot_disk {
TestEndToEndDeploymentScenario 2022-08-12T17:50:30+03:00 logger.go:66:           [32m+[0m [0m[1m[0mauto_delete[0m[0m = true
TestEndToEndDeploymentScenario 2022-08-12T17:50:30+03:00 logger.go:66:           [32m+[0m [0m[1m[0mdevice_name[0m[0m = (known after apply)
TestEndToEndDeploymentScenario 2022-08-12T17:50:30+03:00 logger.go:66:           [32m+[0m [0m[1m[0mdisk_id[0m[0m     = (known after apply)
TestEndToEndDeploymentScenario 2022-08-12T17:50:30+03:00 logger.go:66:           [32m+[0m [0m[1m[0mmode[0m[0m        = (known after apply)
TestEndToEndDeploymentScenario 2022-08-12T17:50:30+03:00 logger.go:66: 
TestEndToEndDeploymentScenario 2022-08-12T17:50:30+03:00 logger.go:66:           [32m+[0m [0minitialize_params {
TestEndToEndDeploymentScenario 2022-08-12T17:50:30+03:00 logger.go:66:               [32m+[0m [0m[1m[0mblock_size[0m[0m  = (known after apply)
TestEndToEndDeploymentScenario 2022-08-12T17:50:30+03:00 logger.go:66:               [32m+[0m [0m[1m[0mdescription[0m[0m = (known after apply)
TestEndToEndDeploymentScenario 2022-08-12T17:50:30+03:00 logger.go:66:               [32m+[0m [0m[1m[0mimage_id[0m[0m    = "fd80viupr3qjr5g6g9du"
TestEndToEndDeploymentScenario 2022-08-12T17:50:30+03:00 logger.go:66:               [32m+[0m [0m[1m[0mname[0m[0m        = (known after apply)
TestEndToEndDeploymentScenario 2022-08-12T17:50:30+03:00 logger.go:66:               [32m+[0m [0m[1m[0msize[0m[0m        = (known after apply)
TestEndToEndDeploymentScenario 2022-08-12T17:50:30+03:00 logger.go:66:               [32m+[0m [0m[1m[0msnapshot_id[0m[0m = (known after apply)
TestEndToEndDeploymentScenario 2022-08-12T17:50:30+03:00 logger.go:66:               [32m+[0m [0m[1m[0mtype[0m[0m        = "network-hdd"
TestEndToEndDeploymentScenario 2022-08-12T17:50:30+03:00 logger.go:66:             }
TestEndToEndDeploymentScenario 2022-08-12T17:50:30+03:00 logger.go:66:         }
TestEndToEndDeploymentScenario 2022-08-12T17:50:30+03:00 logger.go:66: 
TestEndToEndDeploymentScenario 2022-08-12T17:50:30+03:00 logger.go:66:       [32m+[0m [0mnetwork_interface {
TestEndToEndDeploymentScenario 2022-08-12T17:50:30+03:00 logger.go:66:           [32m+[0m [0m[1m[0mindex[0m[0m              = (known after apply)
TestEndToEndDeploymentScenario 2022-08-12T17:50:30+03:00 logger.go:66:           [32m+[0m [0m[1m[0mip_address[0m[0m         = (known after apply)
TestEndToEndDeploymentScenario 2022-08-12T17:50:30+03:00 logger.go:66:           [32m+[0m [0m[1m[0mipv4[0m[0m               = true
TestEndToEndDeploymentScenario 2022-08-12T17:50:30+03:00 logger.go:66:           [32m+[0m [0m[1m[0mipv6[0m[0m               = (known after apply)
TestEndToEndDeploymentScenario 2022-08-12T17:50:30+03:00 logger.go:66:           [32m+[0m [0m[1m[0mipv6_address[0m[0m       = (known after apply)
TestEndToEndDeploymentScenario 2022-08-12T17:50:30+03:00 logger.go:66:           [32m+[0m [0m[1m[0mmac_address[0m[0m        = (known after apply)
TestEndToEndDeploymentScenario 2022-08-12T17:50:30+03:00 logger.go:66:           [32m+[0m [0m[1m[0mnat[0m[0m                = true
TestEndToEndDeploymentScenario 2022-08-12T17:50:30+03:00 logger.go:66:           [32m+[0m [0m[1m[0mnat_ip_address[0m[0m     = (known after apply)
TestEndToEndDeploymentScenario 2022-08-12T17:50:30+03:00 logger.go:66:           [32m+[0m [0m[1m[0mnat_ip_version[0m[0m     = (known after apply)
TestEndToEndDeploymentScenario 2022-08-12T17:50:30+03:00 logger.go:66:           [32m+[0m [0m[1m[0msecurity_group_ids[0m[0m = (known after apply)
TestEndToEndDeploymentScenario 2022-08-12T17:50:30+03:00 logger.go:66:           [32m+[0m [0m[1m[0msubnet_id[0m[0m          = (known after apply)
TestEndToEndDeploymentScenario 2022-08-12T17:50:30+03:00 logger.go:66:         }
TestEndToEndDeploymentScenario 2022-08-12T17:50:30+03:00 logger.go:66: 
TestEndToEndDeploymentScenario 2022-08-12T17:50:30+03:00 logger.go:66:       [32m+[0m [0mplacement_policy {
TestEndToEndDeploymentScenario 2022-08-12T17:50:30+03:00 logger.go:66:           [32m+[0m [0m[1m[0mhost_affinity_rules[0m[0m = (known after apply)
TestEndToEndDeploymentScenario 2022-08-12T17:50:30+03:00 logger.go:66:           [32m+[0m [0m[1m[0mplacement_group_id[0m[0m  = (known after apply)
TestEndToEndDeploymentScenario 2022-08-12T17:50:30+03:00 logger.go:66:         }
TestEndToEndDeploymentScenario 2022-08-12T17:50:30+03:00 logger.go:66: 
TestEndToEndDeploymentScenario 2022-08-12T17:50:30+03:00 logger.go:66:       [32m+[0m [0mresources {
TestEndToEndDeploymentScenario 2022-08-12T17:50:30+03:00 logger.go:66:           [32m+[0m [0m[1m[0mcore_fraction[0m[0m = 100
TestEndToEndDeploymentScenario 2022-08-12T17:50:30+03:00 logger.go:66:           [32m+[0m [0m[1m[0mcores[0m[0m         = 2
TestEndToEndDeploymentScenario 2022-08-12T17:50:30+03:00 logger.go:66:           [32m+[0m [0m[1m[0mmemory[0m[0m        = 2
TestEndToEndDeploymentScenario 2022-08-12T17:50:30+03:00 logger.go:66:         }
TestEndToEndDeploymentScenario 2022-08-12T17:50:30+03:00 logger.go:66: 
TestEndToEndDeploymentScenario 2022-08-12T17:50:30+03:00 logger.go:66:       [32m+[0m [0mscheduling_policy {
TestEndToEndDeploymentScenario 2022-08-12T17:50:30+03:00 logger.go:66:           [32m+[0m [0m[1m[0mpreemptible[0m[0m = (known after apply)
TestEndToEndDeploymentScenario 2022-08-12T17:50:30+03:00 logger.go:66:         }
TestEndToEndDeploymentScenario 2022-08-12T17:50:30+03:00 logger.go:66:     }
TestEndToEndDeploymentScenario 2022-08-12T17:50:30+03:00 logger.go:66: 
TestEndToEndDeploymentScenario 2022-08-12T17:50:30+03:00 logger.go:66: [1m  # yandex_compute_instance.wp-apps["b"][0m will be created[0m[0m
TestEndToEndDeploymentScenario 2022-08-12T17:50:30+03:00 logger.go:66: [0m  [32m+[0m[0m resource "yandex_compute_instance" "wp-apps" {
TestEndToEndDeploymentScenario 2022-08-12T17:50:30+03:00 logger.go:66:       [32m+[0m [0m[1m[0mcreated_at[0m[0m                = (known after apply)
TestEndToEndDeploymentScenario 2022-08-12T17:50:30+03:00 logger.go:66:       [32m+[0m [0m[1m[0mfolder_id[0m[0m                 = (known after apply)
TestEndToEndDeploymentScenario 2022-08-12T17:50:30+03:00 logger.go:66:       [32m+[0m [0m[1m[0mfqdn[0m[0m                      = (known after apply)
TestEndToEndDeploymentScenario 2022-08-12T17:50:30+03:00 logger.go:66:       [32m+[0m [0m[1m[0mhostname[0m[0m                  = (known after apply)
TestEndToEndDeploymentScenario 2022-08-12T17:50:30+03:00 logger.go:66:       [32m+[0m [0m[1m[0mid[0m[0m                        = (known after apply)
TestEndToEndDeploymentScenario 2022-08-12T17:50:30+03:00 logger.go:66:       [32m+[0m [0m[1m[0mmetadata[0m[0m                  = {
TestEndToEndDeploymentScenario 2022-08-12T17:50:30+03:00 logger.go:66:           [32m+[0m [0m"ssh-keys" = <<-EOT
TestEndToEndDeploymentScenario 2022-08-12T17:50:30+03:00 logger.go:66:                 ubuntu:ssh-rsa AAAAB3NzaC1yc2EAAAADAQABAAACAQCwMyjZt06rvOMKN66s1yMQmdy/CEGcntM1IMrEGEfnLYzSfIZunQUwDKHT2rKkJGnB5+NEwH/ZH3S/oXMhBd44nl4L/k4qOJHO7440ad0E2y5XkCnBvQONs+giaY6IkiXFcF2sZyowDgzBk77i+xK9ZoNFw4WAFV03wnHvPRnMyW1LxDq8mwwZS4GjqIgG/+1cLELwLYCAd9fqFOnmHqAnDfCsEMHLGBQb5ZohqubugJ3d/Xm5ckowH65JjlvkLxzYwRA3uwJEfYuYIryjqhOf81p8zkH9DXleb9FUJND1Q0jPzwBVMdSvQMheGvyL2kFKUpM8bDLScO+D4h46CyjaXexqGlVOSu/rQmuaR99el8We7wlYodAhQciB/u3qNLuA+jILYs09ITIEdr1cozpu7PEulgUnzQP7FBx1HlqN3bo9gLCJlJlILnuqwmZDcj5NxKghM06+4H9nraA8Vq0OCM4K//QaSXF79Mca3jd6gmoUBJHGXzIPY0NgGPXsx/+nrGjUQcRr8qLSDeUxLTO8oaV/RnHdQUSCdaG4C2iQAVMZdmbvDnRejKrHL5ttjf5Cmy0xpk9yHECsyKQC2JwX3z+cA8cTSJkmPSjCsJP5bz1kWdTocADVoi4RuXSR05P9ohO4DXn5yUXuqSaLcqc/ITvGVvwNpfvqCD2zFCAScQ== irqoff@dell
TestEndToEndDeploymentScenario 2022-08-12T17:50:30+03:00 logger.go:66:             EOT
TestEndToEndDeploymentScenario 2022-08-12T17:50:30+03:00 logger.go:66:         }
TestEndToEndDeploymentScenario 2022-08-12T17:50:30+03:00 logger.go:66:       [32m+[0m [0m[1m[0mname[0m[0m                      = "wp-app-b"
TestEndToEndDeploymentScenario 2022-08-12T17:50:30+03:00 logger.go:66:       [32m+[0m [0m[1m[0mnetwork_acceleration_type[0m[0m = "standard"
TestEndToEndDeploymentScenario 2022-08-12T17:50:30+03:00 logger.go:66:       [32m+[0m [0m[1m[0mplatform_id[0m[0m               = "standard-v1"
TestEndToEndDeploymentScenario 2022-08-12T17:50:30+03:00 logger.go:66:       [32m+[0m [0m[1m[0mservice_account_id[0m[0m        = (known after apply)
TestEndToEndDeploymentScenario 2022-08-12T17:50:30+03:00 logger.go:66:       [32m+[0m [0m[1m[0mstatus[0m[0m                    = (known after apply)
TestEndToEndDeploymentScenario 2022-08-12T17:50:30+03:00 logger.go:66:       [32m+[0m [0m[1m[0mzone[0m[0m                      = "ru-central1-b"
TestEndToEndDeploymentScenario 2022-08-12T17:50:30+03:00 logger.go:66: 
TestEndToEndDeploymentScenario 2022-08-12T17:50:30+03:00 logger.go:66:       [32m+[0m [0mboot_disk {
TestEndToEndDeploymentScenario 2022-08-12T17:50:30+03:00 logger.go:66:           [32m+[0m [0m[1m[0mauto_delete[0m[0m = true
TestEndToEndDeploymentScenario 2022-08-12T17:50:30+03:00 logger.go:66:           [32m+[0m [0m[1m[0mdevice_name[0m[0m = (known after apply)
TestEndToEndDeploymentScenario 2022-08-12T17:50:30+03:00 logger.go:66:           [32m+[0m [0m[1m[0mdisk_id[0m[0m     = (known after apply)
TestEndToEndDeploymentScenario 2022-08-12T17:50:30+03:00 logger.go:66:           [32m+[0m [0m[1m[0mmode[0m[0m        = (known after apply)
TestEndToEndDeploymentScenario 2022-08-12T17:50:30+03:00 logger.go:66: 
TestEndToEndDeploymentScenario 2022-08-12T17:50:30+03:00 logger.go:66:           [32m+[0m [0minitialize_params {
TestEndToEndDeploymentScenario 2022-08-12T17:50:30+03:00 logger.go:66:               [32m+[0m [0m[1m[0mblock_size[0m[0m  = (known after apply)
TestEndToEndDeploymentScenario 2022-08-12T17:50:30+03:00 logger.go:66:               [32m+[0m [0m[1m[0mdescription[0m[0m = (known after apply)
TestEndToEndDeploymentScenario 2022-08-12T17:50:30+03:00 logger.go:66:               [32m+[0m [0m[1m[0mimage_id[0m[0m    = "fd80viupr3qjr5g6g9du"
TestEndToEndDeploymentScenario 2022-08-12T17:50:30+03:00 logger.go:66:               [32m+[0m [0m[1m[0mname[0m[0m        = (known after apply)
TestEndToEndDeploymentScenario 2022-08-12T17:50:30+03:00 logger.go:66:               [32m+[0m [0m[1m[0msize[0m[0m        = (known after apply)
TestEndToEndDeploymentScenario 2022-08-12T17:50:30+03:00 logger.go:66:               [32m+[0m [0m[1m[0msnapshot_id[0m[0m = (known after apply)
TestEndToEndDeploymentScenario 2022-08-12T17:50:30+03:00 logger.go:66:               [32m+[0m [0m[1m[0mtype[0m[0m        = "network-hdd"
TestEndToEndDeploymentScenario 2022-08-12T17:50:30+03:00 logger.go:66:             }
TestEndToEndDeploymentScenario 2022-08-12T17:50:30+03:00 logger.go:66:         }
TestEndToEndDeploymentScenario 2022-08-12T17:50:30+03:00 logger.go:66: 
TestEndToEndDeploymentScenario 2022-08-12T17:50:30+03:00 logger.go:66:       [32m+[0m [0mnetwork_interface {
TestEndToEndDeploymentScenario 2022-08-12T17:50:30+03:00 logger.go:66:           [32m+[0m [0m[1m[0mindex[0m[0m              = (known after apply)
TestEndToEndDeploymentScenario 2022-08-12T17:50:30+03:00 logger.go:66:           [32m+[0m [0m[1m[0mip_address[0m[0m         = (known after apply)
TestEndToEndDeploymentScenario 2022-08-12T17:50:30+03:00 logger.go:66:           [32m+[0m [0m[1m[0mipv4[0m[0m               = true
TestEndToEndDeploymentScenario 2022-08-12T17:50:30+03:00 logger.go:66:           [32m+[0m [0m[1m[0mipv6[0m[0m               = (known after apply)
TestEndToEndDeploymentScenario 2022-08-12T17:50:30+03:00 logger.go:66:           [32m+[0m [0m[1m[0mipv6_address[0m[0m       = (known after apply)
TestEndToEndDeploymentScenario 2022-08-12T17:50:30+03:00 logger.go:66:           [32m+[0m [0m[1m[0mmac_address[0m[0m        = (known after apply)
TestEndToEndDeploymentScenario 2022-08-12T17:50:30+03:00 logger.go:66:           [32m+[0m [0m[1m[0mnat[0m[0m                = true
TestEndToEndDeploymentScenario 2022-08-12T17:50:30+03:00 logger.go:66:           [32m+[0m [0m[1m[0mnat_ip_address[0m[0m     = (known after apply)
TestEndToEndDeploymentScenario 2022-08-12T17:50:30+03:00 logger.go:66:           [32m+[0m [0m[1m[0mnat_ip_version[0m[0m     = (known after apply)
TestEndToEndDeploymentScenario 2022-08-12T17:50:30+03:00 logger.go:66:           [32m+[0m [0m[1m[0msecurity_group_ids[0m[0m = (known after apply)
TestEndToEndDeploymentScenario 2022-08-12T17:50:30+03:00 logger.go:66:           [32m+[0m [0m[1m[0msubnet_id[0m[0m          = (known after apply)
TestEndToEndDeploymentScenario 2022-08-12T17:50:30+03:00 logger.go:66:         }
TestEndToEndDeploymentScenario 2022-08-12T17:50:30+03:00 logger.go:66: 
TestEndToEndDeploymentScenario 2022-08-12T17:50:30+03:00 logger.go:66:       [32m+[0m [0mplacement_policy {
TestEndToEndDeploymentScenario 2022-08-12T17:50:30+03:00 logger.go:66:           [32m+[0m [0m[1m[0mhost_affinity_rules[0m[0m = (known after apply)
TestEndToEndDeploymentScenario 2022-08-12T17:50:30+03:00 logger.go:66:           [32m+[0m [0m[1m[0mplacement_group_id[0m[0m  = (known after apply)
TestEndToEndDeploymentScenario 2022-08-12T17:50:30+03:00 logger.go:66:         }
TestEndToEndDeploymentScenario 2022-08-12T17:50:30+03:00 logger.go:66: 
TestEndToEndDeploymentScenario 2022-08-12T17:50:30+03:00 logger.go:66:       [32m+[0m [0mresources {
TestEndToEndDeploymentScenario 2022-08-12T17:50:30+03:00 logger.go:66:           [32m+[0m [0m[1m[0mcore_fraction[0m[0m = 100
TestEndToEndDeploymentScenario 2022-08-12T17:50:30+03:00 logger.go:66:           [32m+[0m [0m[1m[0mcores[0m[0m         = 2
TestEndToEndDeploymentScenario 2022-08-12T17:50:30+03:00 logger.go:66:           [32m+[0m [0m[1m[0mmemory[0m[0m        = 2
TestEndToEndDeploymentScenario 2022-08-12T17:50:30+03:00 logger.go:66:         }
TestEndToEndDeploymentScenario 2022-08-12T17:50:30+03:00 logger.go:66: 
TestEndToEndDeploymentScenario 2022-08-12T17:50:30+03:00 logger.go:66:       [32m+[0m [0mscheduling_policy {
TestEndToEndDeploymentScenario 2022-08-12T17:50:30+03:00 logger.go:66:           [32m+[0m [0m[1m[0mpreemptible[0m[0m = (known after apply)
TestEndToEndDeploymentScenario 2022-08-12T17:50:30+03:00 logger.go:66:         }
TestEndToEndDeploymentScenario 2022-08-12T17:50:30+03:00 logger.go:66:     }
TestEndToEndDeploymentScenario 2022-08-12T17:50:30+03:00 logger.go:66: 
TestEndToEndDeploymentScenario 2022-08-12T17:50:30+03:00 logger.go:66: [1m  # yandex_lb_network_load_balancer.wp_lb[0m will be created[0m[0m
TestEndToEndDeploymentScenario 2022-08-12T17:50:30+03:00 logger.go:66: [0m  [32m+[0m[0m resource "yandex_lb_network_load_balancer" "wp_lb" {
TestEndToEndDeploymentScenario 2022-08-12T17:50:30+03:00 logger.go:66:       [32m+[0m [0m[1m[0mcreated_at[0m[0m = (known after apply)
TestEndToEndDeploymentScenario 2022-08-12T17:50:30+03:00 logger.go:66:       [32m+[0m [0m[1m[0mfolder_id[0m[0m  = (known after apply)
TestEndToEndDeploymentScenario 2022-08-12T17:50:30+03:00 logger.go:66:       [32m+[0m [0m[1m[0mid[0m[0m         = (known after apply)
TestEndToEndDeploymentScenario 2022-08-12T17:50:30+03:00 logger.go:66:       [32m+[0m [0m[1m[0mname[0m[0m       = "wp-network-load-balancer"
TestEndToEndDeploymentScenario 2022-08-12T17:50:30+03:00 logger.go:66:       [32m+[0m [0m[1m[0mregion_id[0m[0m  = "ru-central1"
TestEndToEndDeploymentScenario 2022-08-12T17:50:30+03:00 logger.go:66:       [32m+[0m [0m[1m[0mtype[0m[0m       = "external"
TestEndToEndDeploymentScenario 2022-08-12T17:50:30+03:00 logger.go:66: 
TestEndToEndDeploymentScenario 2022-08-12T17:50:30+03:00 logger.go:66:       [32m+[0m [0mattached_target_group {
TestEndToEndDeploymentScenario 2022-08-12T17:50:30+03:00 logger.go:66:           [32m+[0m [0m[1m[0mtarget_group_id[0m[0m = (known after apply)
TestEndToEndDeploymentScenario 2022-08-12T17:50:30+03:00 logger.go:66: 
TestEndToEndDeploymentScenario 2022-08-12T17:50:30+03:00 logger.go:66:           [32m+[0m [0mhealthcheck {
TestEndToEndDeploymentScenario 2022-08-12T17:50:30+03:00 logger.go:66:               [32m+[0m [0m[1m[0mhealthy_threshold[0m[0m   = 2
TestEndToEndDeploymentScenario 2022-08-12T17:50:30+03:00 logger.go:66:               [32m+[0m [0m[1m[0minterval[0m[0m            = 2
TestEndToEndDeploymentScenario 2022-08-12T17:50:30+03:00 logger.go:66:               [32m+[0m [0m[1m[0mname[0m[0m                = "http"
TestEndToEndDeploymentScenario 2022-08-12T17:50:30+03:00 logger.go:66:               [32m+[0m [0m[1m[0mtimeout[0m[0m             = 1
TestEndToEndDeploymentScenario 2022-08-12T17:50:30+03:00 logger.go:66:               [32m+[0m [0m[1m[0munhealthy_threshold[0m[0m = 2
TestEndToEndDeploymentScenario 2022-08-12T17:50:30+03:00 logger.go:66: 
TestEndToEndDeploymentScenario 2022-08-12T17:50:30+03:00 logger.go:66:               [32m+[0m [0mhttp_options {
TestEndToEndDeploymentScenario 2022-08-12T17:50:30+03:00 logger.go:66:                   [32m+[0m [0m[1m[0mpath[0m[0m = "/health"
TestEndToEndDeploymentScenario 2022-08-12T17:50:30+03:00 logger.go:66:                   [32m+[0m [0m[1m[0mport[0m[0m = 80
TestEndToEndDeploymentScenario 2022-08-12T17:50:30+03:00 logger.go:66:                 }
TestEndToEndDeploymentScenario 2022-08-12T17:50:30+03:00 logger.go:66:             }
TestEndToEndDeploymentScenario 2022-08-12T17:50:30+03:00 logger.go:66:         }
TestEndToEndDeploymentScenario 2022-08-12T17:50:30+03:00 logger.go:66: 
TestEndToEndDeploymentScenario 2022-08-12T17:50:30+03:00 logger.go:66:       [32m+[0m [0mlistener {
TestEndToEndDeploymentScenario 2022-08-12T17:50:30+03:00 logger.go:66:           [32m+[0m [0m[1m[0mname[0m[0m        = "wp-listener"
TestEndToEndDeploymentScenario 2022-08-12T17:50:30+03:00 logger.go:66:           [32m+[0m [0m[1m[0mport[0m[0m        = 80
TestEndToEndDeploymentScenario 2022-08-12T17:50:30+03:00 logger.go:66:           [32m+[0m [0m[1m[0mprotocol[0m[0m    = (known after apply)
TestEndToEndDeploymentScenario 2022-08-12T17:50:30+03:00 logger.go:66:           [32m+[0m [0m[1m[0mtarget_port[0m[0m = (known after apply)
TestEndToEndDeploymentScenario 2022-08-12T17:50:30+03:00 logger.go:66: 
TestEndToEndDeploymentScenario 2022-08-12T17:50:30+03:00 logger.go:66:           [32m+[0m [0mexternal_address_spec {
TestEndToEndDeploymentScenario 2022-08-12T17:50:30+03:00 logger.go:66:               [32m+[0m [0m[1m[0maddress[0m[0m    = (known after apply)
TestEndToEndDeploymentScenario 2022-08-12T17:50:30+03:00 logger.go:66:               [32m+[0m [0m[1m[0mip_version[0m[0m = "ipv4"
TestEndToEndDeploymentScenario 2022-08-12T17:50:30+03:00 logger.go:66:             }
TestEndToEndDeploymentScenario 2022-08-12T17:50:30+03:00 logger.go:66:         }
TestEndToEndDeploymentScenario 2022-08-12T17:50:30+03:00 logger.go:66:     }
TestEndToEndDeploymentScenario 2022-08-12T17:50:30+03:00 logger.go:66: 
TestEndToEndDeploymentScenario 2022-08-12T17:50:30+03:00 logger.go:66: [1m  # yandex_lb_target_group.wp_tg[0m will be created[0m[0m
TestEndToEndDeploymentScenario 2022-08-12T17:50:30+03:00 logger.go:66: [0m  [32m+[0m[0m resource "yandex_lb_target_group" "wp_tg" {
TestEndToEndDeploymentScenario 2022-08-12T17:50:30+03:00 logger.go:66:       [32m+[0m [0m[1m[0mcreated_at[0m[0m = (known after apply)
TestEndToEndDeploymentScenario 2022-08-12T17:50:30+03:00 logger.go:66:       [32m+[0m [0m[1m[0mfolder_id[0m[0m  = (known after apply)
TestEndToEndDeploymentScenario 2022-08-12T17:50:30+03:00 logger.go:66:       [32m+[0m [0m[1m[0mid[0m[0m         = (known after apply)
TestEndToEndDeploymentScenario 2022-08-12T17:50:30+03:00 logger.go:66:       [32m+[0m [0m[1m[0mname[0m[0m       = "wp-target-group"
TestEndToEndDeploymentScenario 2022-08-12T17:50:30+03:00 logger.go:66:       [32m+[0m [0m[1m[0mregion_id[0m[0m  = "ru-central1"
TestEndToEndDeploymentScenario 2022-08-12T17:50:30+03:00 logger.go:66: 
TestEndToEndDeploymentScenario 2022-08-12T17:50:30+03:00 logger.go:66:       [32m+[0m [0mtarget {
TestEndToEndDeploymentScenario 2022-08-12T17:50:30+03:00 logger.go:66:           [32m+[0m [0m[1m[0maddress[0m[0m   = (known after apply)
TestEndToEndDeploymentScenario 2022-08-12T17:50:30+03:00 logger.go:66:           [32m+[0m [0m[1m[0msubnet_id[0m[0m = (known after apply)
TestEndToEndDeploymentScenario 2022-08-12T17:50:30+03:00 logger.go:66:         }
TestEndToEndDeploymentScenario 2022-08-12T17:50:30+03:00 logger.go:66:       [32m+[0m [0mtarget {
TestEndToEndDeploymentScenario 2022-08-12T17:50:30+03:00 logger.go:66:           [32m+[0m [0m[1m[0maddress[0m[0m   = (known after apply)
TestEndToEndDeploymentScenario 2022-08-12T17:50:30+03:00 logger.go:66:           [32m+[0m [0m[1m[0msubnet_id[0m[0m = (known after apply)
TestEndToEndDeploymentScenario 2022-08-12T17:50:30+03:00 logger.go:66:         }
TestEndToEndDeploymentScenario 2022-08-12T17:50:30+03:00 logger.go:66:     }
TestEndToEndDeploymentScenario 2022-08-12T17:50:30+03:00 logger.go:66: 
TestEndToEndDeploymentScenario 2022-08-12T17:50:30+03:00 logger.go:66: [1m  # yandex_mdb_mysql_cluster.wp_mysql[0m will be created[0m[0m
TestEndToEndDeploymentScenario 2022-08-12T17:50:30+03:00 logger.go:66: [0m  [32m+[0m[0m resource "yandex_mdb_mysql_cluster" "wp_mysql" {
TestEndToEndDeploymentScenario 2022-08-12T17:50:30+03:00 logger.go:66:       [32m+[0m [0m[1m[0mallow_regeneration_host[0m[0m = false
TestEndToEndDeploymentScenario 2022-08-12T17:50:30+03:00 logger.go:66:       [32m+[0m [0m[1m[0mcreated_at[0m[0m              = (known after apply)
TestEndToEndDeploymentScenario 2022-08-12T17:50:30+03:00 logger.go:66:       [32m+[0m [0m[1m[0mdeletion_protection[0m[0m     = (known after apply)
TestEndToEndDeploymentScenario 2022-08-12T17:50:30+03:00 logger.go:66:       [32m+[0m [0m[1m[0menvironment[0m[0m             = "PRODUCTION"
TestEndToEndDeploymentScenario 2022-08-12T17:50:30+03:00 logger.go:66:       [32m+[0m [0m[1m[0mfolder_id[0m[0m               = "b1gunli0c206u2ra1b9l"
TestEndToEndDeploymentScenario 2022-08-12T17:50:30+03:00 logger.go:66:       [32m+[0m [0m[1m[0mhealth[0m[0m                  = (known after apply)
TestEndToEndDeploymentScenario 2022-08-12T17:50:30+03:00 logger.go:66:       [32m+[0m [0m[1m[0mhost_group_ids[0m[0m          = (known after apply)
TestEndToEndDeploymentScenario 2022-08-12T17:50:30+03:00 logger.go:66:       [32m+[0m [0m[1m[0mid[0m[0m                      = (known after apply)
TestEndToEndDeploymentScenario 2022-08-12T17:50:30+03:00 logger.go:66:       [32m+[0m [0m[1m[0mmysql_config[0m[0m            = (known after apply)
TestEndToEndDeploymentScenario 2022-08-12T17:50:30+03:00 logger.go:66:       [32m+[0m [0m[1m[0mname[0m[0m                    = "wp-mysql"
TestEndToEndDeploymentScenario 2022-08-12T17:50:30+03:00 logger.go:66:       [32m+[0m [0m[1m[0mnetwork_id[0m[0m              = (known after apply)
TestEndToEndDeploymentScenario 2022-08-12T17:50:30+03:00 logger.go:66:       [32m+[0m [0m[1m[0mstatus[0m[0m                  = (known after apply)
TestEndToEndDeploymentScenario 2022-08-12T17:50:30+03:00 logger.go:66:       [32m+[0m [0m[1m[0mversion[0m[0m                 = "8.0"
TestEndToEndDeploymentScenario 2022-08-12T17:50:30+03:00 logger.go:66: 
TestEndToEndDeploymentScenario 2022-08-12T17:50:30+03:00 logger.go:66:       [32m+[0m [0maccess {
TestEndToEndDeploymentScenario 2022-08-12T17:50:30+03:00 logger.go:66:           [32m+[0m [0m[1m[0mdata_lens[0m[0m = (known after apply)
TestEndToEndDeploymentScenario 2022-08-12T17:50:30+03:00 logger.go:66:           [32m+[0m [0m[1m[0mweb_sql[0m[0m   = (known after apply)
TestEndToEndDeploymentScenario 2022-08-12T17:50:30+03:00 logger.go:66:         }
TestEndToEndDeploymentScenario 2022-08-12T17:50:30+03:00 logger.go:66: 
TestEndToEndDeploymentScenario 2022-08-12T17:50:30+03:00 logger.go:66:       [32m+[0m [0mbackup_window_start {
TestEndToEndDeploymentScenario 2022-08-12T17:50:30+03:00 logger.go:66:           [32m+[0m [0m[1m[0mhours[0m[0m   = (known after apply)
TestEndToEndDeploymentScenario 2022-08-12T17:50:30+03:00 logger.go:66:           [32m+[0m [0m[1m[0mminutes[0m[0m = (known after apply)
TestEndToEndDeploymentScenario 2022-08-12T17:50:30+03:00 logger.go:66:         }
TestEndToEndDeploymentScenario 2022-08-12T17:50:30+03:00 logger.go:66: 
TestEndToEndDeploymentScenario 2022-08-12T17:50:30+03:00 logger.go:66:       [32m+[0m [0mhost {
TestEndToEndDeploymentScenario 2022-08-12T17:50:30+03:00 logger.go:66:           [32m+[0m [0m[1m[0massign_public_ip[0m[0m   = true
TestEndToEndDeploymentScenario 2022-08-12T17:50:30+03:00 logger.go:66:           [32m+[0m [0m[1m[0mfqdn[0m[0m               = (known after apply)
TestEndToEndDeploymentScenario 2022-08-12T17:50:30+03:00 logger.go:66:           [32m+[0m [0m[1m[0mreplication_source[0m[0m = (known after apply)
TestEndToEndDeploymentScenario 2022-08-12T17:50:30+03:00 logger.go:66:           [32m+[0m [0m[1m[0msubnet_id[0m[0m          = (known after apply)
TestEndToEndDeploymentScenario 2022-08-12T17:50:30+03:00 logger.go:66:           [32m+[0m [0m[1m[0mzone[0m[0m               = "ru-central1-a"
TestEndToEndDeploymentScenario 2022-08-12T17:50:30+03:00 logger.go:66:         }
TestEndToEndDeploymentScenario 2022-08-12T17:50:30+03:00 logger.go:66:       [32m+[0m [0mhost {
TestEndToEndDeploymentScenario 2022-08-12T17:50:30+03:00 logger.go:66:           [32m+[0m [0m[1m[0massign_public_ip[0m[0m   = true
TestEndToEndDeploymentScenario 2022-08-12T17:50:30+03:00 logger.go:66:           [32m+[0m [0m[1m[0mfqdn[0m[0m               = (known after apply)
TestEndToEndDeploymentScenario 2022-08-12T17:50:30+03:00 logger.go:66:           [32m+[0m [0m[1m[0mreplication_source[0m[0m = (known after apply)
TestEndToEndDeploymentScenario 2022-08-12T17:50:30+03:00 logger.go:66:           [32m+[0m [0m[1m[0msubnet_id[0m[0m          = (known after apply)
TestEndToEndDeploymentScenario 2022-08-12T17:50:30+03:00 logger.go:66:           [32m+[0m [0m[1m[0mzone[0m[0m               = "ru-central1-b"
TestEndToEndDeploymentScenario 2022-08-12T17:50:30+03:00 logger.go:66:         }
TestEndToEndDeploymentScenario 2022-08-12T17:50:30+03:00 logger.go:66: 
TestEndToEndDeploymentScenario 2022-08-12T17:50:30+03:00 logger.go:66:       [32m+[0m [0mmaintenance_window {
TestEndToEndDeploymentScenario 2022-08-12T17:50:30+03:00 logger.go:66:           [32m+[0m [0m[1m[0mday[0m[0m  = (known after apply)
TestEndToEndDeploymentScenario 2022-08-12T17:50:30+03:00 logger.go:66:           [32m+[0m [0m[1m[0mhour[0m[0m = (known after apply)
TestEndToEndDeploymentScenario 2022-08-12T17:50:30+03:00 logger.go:66:           [32m+[0m [0m[1m[0mtype[0m[0m = (known after apply)
TestEndToEndDeploymentScenario 2022-08-12T17:50:30+03:00 logger.go:66:         }
TestEndToEndDeploymentScenario 2022-08-12T17:50:30+03:00 logger.go:66: 
TestEndToEndDeploymentScenario 2022-08-12T17:50:30+03:00 logger.go:66:       [32m+[0m [0mperformance_diagnostics {
TestEndToEndDeploymentScenario 2022-08-12T17:50:30+03:00 logger.go:66:           [32m+[0m [0m[1m[0menabled[0m[0m                      = (known after apply)
TestEndToEndDeploymentScenario 2022-08-12T17:50:30+03:00 logger.go:66:           [32m+[0m [0m[1m[0msessions_sampling_interval[0m[0m   = (known after apply)
TestEndToEndDeploymentScenario 2022-08-12T17:50:30+03:00 logger.go:66:           [32m+[0m [0m[1m[0mstatements_sampling_interval[0m[0m = (known after apply)
TestEndToEndDeploymentScenario 2022-08-12T17:50:30+03:00 logger.go:66:         }
TestEndToEndDeploymentScenario 2022-08-12T17:50:30+03:00 logger.go:66: 
TestEndToEndDeploymentScenario 2022-08-12T17:50:30+03:00 logger.go:66:       [32m+[0m [0mresources {
TestEndToEndDeploymentScenario 2022-08-12T17:50:30+03:00 logger.go:66:           [32m+[0m [0m[1m[0mdisk_size[0m[0m          = 16
TestEndToEndDeploymentScenario 2022-08-12T17:50:30+03:00 logger.go:66:           [32m+[0m [0m[1m[0mdisk_type_id[0m[0m       = "network-ssd"
TestEndToEndDeploymentScenario 2022-08-12T17:50:30+03:00 logger.go:66:           [32m+[0m [0m[1m[0mresource_preset_id[0m[0m = "s2.micro"
TestEndToEndDeploymentScenario 2022-08-12T17:50:30+03:00 logger.go:66:         }
TestEndToEndDeploymentScenario 2022-08-12T17:50:30+03:00 logger.go:66:     }
TestEndToEndDeploymentScenario 2022-08-12T17:50:30+03:00 logger.go:66: 
TestEndToEndDeploymentScenario 2022-08-12T17:50:30+03:00 logger.go:66: [1m  # yandex_mdb_mysql_database.wp[0m will be created[0m[0m
TestEndToEndDeploymentScenario 2022-08-12T17:50:30+03:00 logger.go:66: [0m  [32m+[0m[0m resource "yandex_mdb_mysql_database" "wp" {
TestEndToEndDeploymentScenario 2022-08-12T17:50:30+03:00 logger.go:66:       [32m+[0m [0m[1m[0mcluster_id[0m[0m = (known after apply)
TestEndToEndDeploymentScenario 2022-08-12T17:50:30+03:00 logger.go:66:       [32m+[0m [0m[1m[0mid[0m[0m         = (known after apply)
TestEndToEndDeploymentScenario 2022-08-12T17:50:30+03:00 logger.go:66:       [32m+[0m [0m[1m[0mname[0m[0m       = "db"
TestEndToEndDeploymentScenario 2022-08-12T17:50:30+03:00 logger.go:66:     }
TestEndToEndDeploymentScenario 2022-08-12T17:50:30+03:00 logger.go:66: 
TestEndToEndDeploymentScenario 2022-08-12T17:50:30+03:00 logger.go:66: [1m  # yandex_mdb_mysql_user.user[0m will be created[0m[0m
TestEndToEndDeploymentScenario 2022-08-12T17:50:30+03:00 logger.go:66: [0m  [32m+[0m[0m resource "yandex_mdb_mysql_user" "user" {
TestEndToEndDeploymentScenario 2022-08-12T17:50:30+03:00 logger.go:66:       [32m+[0m [0m[1m[0mauthentication_plugin[0m[0m = "MYSQL_NATIVE_PASSWORD"
TestEndToEndDeploymentScenario 2022-08-12T17:50:30+03:00 logger.go:66:       [32m+[0m [0m[1m[0mcluster_id[0m[0m            = (known after apply)
TestEndToEndDeploymentScenario 2022-08-12T17:50:30+03:00 logger.go:66:       [32m+[0m [0m[1m[0mglobal_permissions[0m[0m    = (known after apply)
TestEndToEndDeploymentScenario 2022-08-12T17:50:30+03:00 logger.go:66:       [32m+[0m [0m[1m[0mid[0m[0m                    = (known after apply)
TestEndToEndDeploymentScenario 2022-08-12T17:50:30+03:00 logger.go:66:       [32m+[0m [0m[1m[0mname[0m[0m                  = "user"
TestEndToEndDeploymentScenario 2022-08-12T17:50:30+03:00 logger.go:66:       [32m+[0m [0m[1m[0mpassword[0m[0m              = (sensitive value)
TestEndToEndDeploymentScenario 2022-08-12T17:50:30+03:00 logger.go:66: 
TestEndToEndDeploymentScenario 2022-08-12T17:50:30+03:00 logger.go:66:       [32m+[0m [0mconnection_limits {
TestEndToEndDeploymentScenario 2022-08-12T17:50:30+03:00 logger.go:66:           [32m+[0m [0m[1m[0mmax_connections_per_hour[0m[0m = (known after apply)
TestEndToEndDeploymentScenario 2022-08-12T17:50:30+03:00 logger.go:66:           [32m+[0m [0m[1m[0mmax_questions_per_hour[0m[0m   = (known after apply)
TestEndToEndDeploymentScenario 2022-08-12T17:50:30+03:00 logger.go:66:           [32m+[0m [0m[1m[0mmax_updates_per_hour[0m[0m     = (known after apply)
TestEndToEndDeploymentScenario 2022-08-12T17:50:30+03:00 logger.go:66:           [32m+[0m [0m[1m[0mmax_user_connections[0m[0m     = (known after apply)
TestEndToEndDeploymentScenario 2022-08-12T17:50:30+03:00 logger.go:66:         }
TestEndToEndDeploymentScenario 2022-08-12T17:50:30+03:00 logger.go:66: 
TestEndToEndDeploymentScenario 2022-08-12T17:50:30+03:00 logger.go:66:       [32m+[0m [0mpermission {
TestEndToEndDeploymentScenario 2022-08-12T17:50:30+03:00 logger.go:66:           [32m+[0m [0m[1m[0mdatabase_name[0m[0m = "db"
TestEndToEndDeploymentScenario 2022-08-12T17:50:30+03:00 logger.go:66:           [32m+[0m [0m[1m[0mroles[0m[0m         = [
TestEndToEndDeploymentScenario 2022-08-12T17:50:30+03:00 logger.go:66:               [32m+[0m [0m"ALL",
TestEndToEndDeploymentScenario 2022-08-12T17:50:30+03:00 logger.go:66:             ]
TestEndToEndDeploymentScenario 2022-08-12T17:50:30+03:00 logger.go:66:         }
TestEndToEndDeploymentScenario 2022-08-12T17:50:30+03:00 logger.go:66:     }
TestEndToEndDeploymentScenario 2022-08-12T17:50:30+03:00 logger.go:66: 
TestEndToEndDeploymentScenario 2022-08-12T17:50:30+03:00 logger.go:66: [1m  # yandex_vpc_network.wp-network[0m will be created[0m[0m
TestEndToEndDeploymentScenario 2022-08-12T17:50:30+03:00 logger.go:66: [0m  [32m+[0m[0m resource "yandex_vpc_network" "wp-network" {
TestEndToEndDeploymentScenario 2022-08-12T17:50:30+03:00 logger.go:66:       [32m+[0m [0m[1m[0mcreated_at[0m[0m                = (known after apply)
TestEndToEndDeploymentScenario 2022-08-12T17:50:30+03:00 logger.go:66:       [32m+[0m [0m[1m[0mdefault_security_group_id[0m[0m = (known after apply)
TestEndToEndDeploymentScenario 2022-08-12T17:50:30+03:00 logger.go:66:       [32m+[0m [0m[1m[0mfolder_id[0m[0m                 = (known after apply)
TestEndToEndDeploymentScenario 2022-08-12T17:50:30+03:00 logger.go:66:       [32m+[0m [0m[1m[0mid[0m[0m                        = (known after apply)
TestEndToEndDeploymentScenario 2022-08-12T17:50:30+03:00 logger.go:66:       [32m+[0m [0m[1m[0mlabels[0m[0m                    = (known after apply)
TestEndToEndDeploymentScenario 2022-08-12T17:50:30+03:00 logger.go:66:       [32m+[0m [0m[1m[0mname[0m[0m                      = "wp-network"
TestEndToEndDeploymentScenario 2022-08-12T17:50:30+03:00 logger.go:66:       [32m+[0m [0m[1m[0msubnet_ids[0m[0m                = (known after apply)
TestEndToEndDeploymentScenario 2022-08-12T17:50:30+03:00 logger.go:66:     }
TestEndToEndDeploymentScenario 2022-08-12T17:50:30+03:00 logger.go:66: 
TestEndToEndDeploymentScenario 2022-08-12T17:50:30+03:00 logger.go:66: [1m  # yandex_vpc_subnet.wp-subnets["a"][0m will be created[0m[0m
TestEndToEndDeploymentScenario 2022-08-12T17:50:30+03:00 logger.go:66: [0m  [32m+[0m[0m resource "yandex_vpc_subnet" "wp-subnets" {
TestEndToEndDeploymentScenario 2022-08-12T17:50:30+03:00 logger.go:66:       [32m+[0m [0m[1m[0mcreated_at[0m[0m     = (known after apply)
TestEndToEndDeploymentScenario 2022-08-12T17:50:30+03:00 logger.go:66:       [32m+[0m [0m[1m[0mfolder_id[0m[0m      = (known after apply)
TestEndToEndDeploymentScenario 2022-08-12T17:50:30+03:00 logger.go:66:       [32m+[0m [0m[1m[0mid[0m[0m             = (known after apply)
TestEndToEndDeploymentScenario 2022-08-12T17:50:30+03:00 logger.go:66:       [32m+[0m [0m[1m[0mlabels[0m[0m         = (known after apply)
TestEndToEndDeploymentScenario 2022-08-12T17:50:30+03:00 logger.go:66:       [32m+[0m [0m[1m[0mname[0m[0m           = "wp-subnet-a"
TestEndToEndDeploymentScenario 2022-08-12T17:50:30+03:00 logger.go:66:       [32m+[0m [0m[1m[0mnetwork_id[0m[0m     = (known after apply)
TestEndToEndDeploymentScenario 2022-08-12T17:50:30+03:00 logger.go:66:       [32m+[0m [0m[1m[0mv4_cidr_blocks[0m[0m = [
TestEndToEndDeploymentScenario 2022-08-12T17:50:30+03:00 logger.go:66:           [32m+[0m [0m"10.2.0.0/16",
TestEndToEndDeploymentScenario 2022-08-12T17:50:30+03:00 logger.go:66:         ]
TestEndToEndDeploymentScenario 2022-08-12T17:50:30+03:00 logger.go:66:       [32m+[0m [0m[1m[0mv6_cidr_blocks[0m[0m = (known after apply)
TestEndToEndDeploymentScenario 2022-08-12T17:50:30+03:00 logger.go:66:       [32m+[0m [0m[1m[0mzone[0m[0m           = "ru-central1-a"
TestEndToEndDeploymentScenario 2022-08-12T17:50:30+03:00 logger.go:66:     }
TestEndToEndDeploymentScenario 2022-08-12T17:50:30+03:00 logger.go:66: 
TestEndToEndDeploymentScenario 2022-08-12T17:50:30+03:00 logger.go:66: [1m  # yandex_vpc_subnet.wp-subnets["b"][0m will be created[0m[0m
TestEndToEndDeploymentScenario 2022-08-12T17:50:30+03:00 logger.go:66: [0m  [32m+[0m[0m resource "yandex_vpc_subnet" "wp-subnets" {
TestEndToEndDeploymentScenario 2022-08-12T17:50:30+03:00 logger.go:66:       [32m+[0m [0m[1m[0mcreated_at[0m[0m     = (known after apply)
TestEndToEndDeploymentScenario 2022-08-12T17:50:30+03:00 logger.go:66:       [32m+[0m [0m[1m[0mfolder_id[0m[0m      = (known after apply)
TestEndToEndDeploymentScenario 2022-08-12T17:50:30+03:00 logger.go:66:       [32m+[0m [0m[1m[0mid[0m[0m             = (known after apply)
TestEndToEndDeploymentScenario 2022-08-12T17:50:30+03:00 logger.go:66:       [32m+[0m [0m[1m[0mlabels[0m[0m         = (known after apply)
TestEndToEndDeploymentScenario 2022-08-12T17:50:30+03:00 logger.go:66:       [32m+[0m [0m[1m[0mname[0m[0m           = "wp-subnet-b"
TestEndToEndDeploymentScenario 2022-08-12T17:50:30+03:00 logger.go:66:       [32m+[0m [0m[1m[0mnetwork_id[0m[0m     = (known after apply)
TestEndToEndDeploymentScenario 2022-08-12T17:50:30+03:00 logger.go:66:       [32m+[0m [0m[1m[0mv4_cidr_blocks[0m[0m = [
TestEndToEndDeploymentScenario 2022-08-12T17:50:30+03:00 logger.go:66:           [32m+[0m [0m"10.3.0.0/16",
TestEndToEndDeploymentScenario 2022-08-12T17:50:30+03:00 logger.go:66:         ]
TestEndToEndDeploymentScenario 2022-08-12T17:50:30+03:00 logger.go:66:       [32m+[0m [0m[1m[0mv6_cidr_blocks[0m[0m = (known after apply)
TestEndToEndDeploymentScenario 2022-08-12T17:50:30+03:00 logger.go:66:       [32m+[0m [0m[1m[0mzone[0m[0m           = "ru-central1-b"
TestEndToEndDeploymentScenario 2022-08-12T17:50:30+03:00 logger.go:66:     }
TestEndToEndDeploymentScenario 2022-08-12T17:50:30+03:00 logger.go:66: 
TestEndToEndDeploymentScenario 2022-08-12T17:50:30+03:00 logger.go:66: [0m[1mPlan:[0m 10 to add, 0 to change, 0 to destroy.
TestEndToEndDeploymentScenario 2022-08-12T17:50:30+03:00 logger.go:66: [0m[0m
TestEndToEndDeploymentScenario 2022-08-12T17:50:30+03:00 logger.go:66: [1mChanges to Outputs:[0m[0m
TestEndToEndDeploymentScenario 2022-08-12T17:50:30+03:00 logger.go:66:   [32m+[0m [0m[1m[0mdatabase_host_fqdn[0m[0m         = [
TestEndToEndDeploymentScenario 2022-08-12T17:50:30+03:00 logger.go:66:       [32m+[0m [0m(known after apply),
TestEndToEndDeploymentScenario 2022-08-12T17:50:30+03:00 logger.go:66:       [32m+[0m [0m(known after apply),
TestEndToEndDeploymentScenario 2022-08-12T17:50:30+03:00 logger.go:66:     ]
TestEndToEndDeploymentScenario 2022-08-12T17:50:30+03:00 logger.go:66:   [32m+[0m [0m[1m[0mdatabase_host_fqdn_first[0m[0m   = (known after apply)
TestEndToEndDeploymentScenario 2022-08-12T17:50:30+03:00 logger.go:66:   [32m+[0m [0m[1m[0mdatabase_name[0m[0m              = "db"
TestEndToEndDeploymentScenario 2022-08-12T17:50:30+03:00 logger.go:66:   [32m+[0m [0m[1m[0mdatabase_password[0m[0m          = (sensitive value)
TestEndToEndDeploymentScenario 2022-08-12T17:50:30+03:00 logger.go:66:   [32m+[0m [0m[1m[0mdatabase_user[0m[0m              = "user"
TestEndToEndDeploymentScenario 2022-08-12T17:50:30+03:00 logger.go:66:   [32m+[0m [0m[1m[0mload_balancer_public_ip[0m[0m    = (known after apply)
TestEndToEndDeploymentScenario 2022-08-12T17:50:30+03:00 logger.go:66:   [32m+[0m [0m[1m[0mvm_linux_public_ip_address[0m[0m = (known after apply)
TestEndToEndDeploymentScenario 2022-08-12T17:50:30+03:00 logger.go:66: [0m[1myandex_vpc_network.wp-network: Creating...[0m[0m
TestEndToEndDeploymentScenario 2022-08-12T17:50:35+03:00 logger.go:66: [0m[1myandex_vpc_network.wp-network: Creation complete after 4s [id=enpgq06na6o2aonq1dd5][0m
TestEndToEndDeploymentScenario 2022-08-12T17:50:35+03:00 logger.go:66: [0m[1myandex_vpc_subnet.wp-subnets["b"]: Creating...[0m[0m
TestEndToEndDeploymentScenario 2022-08-12T17:50:35+03:00 logger.go:66: [0m[1myandex_vpc_subnet.wp-subnets["a"]: Creating...[0m[0m
TestEndToEndDeploymentScenario 2022-08-12T17:50:36+03:00 logger.go:66: [0m[1myandex_vpc_subnet.wp-subnets["b"]: Creation complete after 1s [id=e2ljbfqopkh7eummojsq][0m
TestEndToEndDeploymentScenario 2022-08-12T17:50:37+03:00 logger.go:66: [0m[1myandex_vpc_subnet.wp-subnets["a"]: Creation complete after 2s [id=e9bt1c0oarciia3igbau][0m
TestEndToEndDeploymentScenario 2022-08-12T17:50:37+03:00 logger.go:66: [0m[1myandex_mdb_mysql_cluster.wp_mysql: Creating...[0m[0m
TestEndToEndDeploymentScenario 2022-08-12T17:50:37+03:00 logger.go:66: [0m[1myandex_compute_instance.wp-apps["a"]: Creating...[0m[0m
TestEndToEndDeploymentScenario 2022-08-12T17:50:37+03:00 logger.go:66: [0m[1myandex_compute_instance.wp-apps["b"]: Creating...[0m[0m
TestEndToEndDeploymentScenario 2022-08-12T17:50:47+03:00 logger.go:66: [0m[1myandex_mdb_mysql_cluster.wp_mysql: Still creating... [10s elapsed][0m[0m
TestEndToEndDeploymentScenario 2022-08-12T17:50:47+03:00 logger.go:66: [0m[1myandex_compute_instance.wp-apps["a"]: Still creating... [10s elapsed][0m[0m
TestEndToEndDeploymentScenario 2022-08-12T17:50:47+03:00 logger.go:66: [0m[1myandex_compute_instance.wp-apps["b"]: Still creating... [10s elapsed][0m[0m
TestEndToEndDeploymentScenario 2022-08-12T17:50:57+03:00 logger.go:66: [0m[1myandex_mdb_mysql_cluster.wp_mysql: Still creating... [20s elapsed][0m[0m
TestEndToEndDeploymentScenario 2022-08-12T17:50:57+03:00 logger.go:66: [0m[1myandex_compute_instance.wp-apps["b"]: Still creating... [20s elapsed][0m[0m
TestEndToEndDeploymentScenario 2022-08-12T17:50:57+03:00 logger.go:66: [0m[1myandex_compute_instance.wp-apps["a"]: Still creating... [20s elapsed][0m[0m
TestEndToEndDeploymentScenario 2022-08-12T17:51:07+03:00 logger.go:66: [0m[1myandex_mdb_mysql_cluster.wp_mysql: Still creating... [30s elapsed][0m[0m
TestEndToEndDeploymentScenario 2022-08-12T17:51:07+03:00 logger.go:66: [0m[1myandex_compute_instance.wp-apps["a"]: Still creating... [30s elapsed][0m[0m
TestEndToEndDeploymentScenario 2022-08-12T17:51:07+03:00 logger.go:66: [0m[1myandex_compute_instance.wp-apps["b"]: Still creating... [30s elapsed][0m[0m
TestEndToEndDeploymentScenario 2022-08-12T17:51:07+03:00 logger.go:66: [0m[1myandex_compute_instance.wp-apps["a"]: Creation complete after 31s [id=fhmeh2io7b7csrv1ejrr][0m
TestEndToEndDeploymentScenario 2022-08-12T17:51:12+03:00 logger.go:66: [0m[1myandex_compute_instance.wp-apps["b"]: Creation complete after 36s [id=epddrlrrsj1l1plf5tmm][0m
TestEndToEndDeploymentScenario 2022-08-12T17:51:12+03:00 logger.go:66: [0m[1myandex_lb_target_group.wp_tg: Creating...[0m[0m
TestEndToEndDeploymentScenario 2022-08-12T17:51:16+03:00 logger.go:66: [0m[1myandex_lb_target_group.wp_tg: Creation complete after 3s [id=enpt2c8pnkc88sfi84g9][0m
TestEndToEndDeploymentScenario 2022-08-12T17:51:16+03:00 logger.go:66: [0m[1myandex_lb_network_load_balancer.wp_lb: Creating...[0m[0m
TestEndToEndDeploymentScenario 2022-08-12T17:51:17+03:00 logger.go:66: [0m[1myandex_mdb_mysql_cluster.wp_mysql: Still creating... [40s elapsed][0m[0m
TestEndToEndDeploymentScenario 2022-08-12T17:51:19+03:00 logger.go:66: [0m[1myandex_lb_network_load_balancer.wp_lb: Creation complete after 3s [id=enpjnkkfelsl1race0se][0m
TestEndToEndDeploymentScenario 2022-08-12T17:51:27+03:00 logger.go:66: [0m[1myandex_mdb_mysql_cluster.wp_mysql: Still creating... [50s elapsed][0m[0m
TestEndToEndDeploymentScenario 2022-08-12T17:51:37+03:00 logger.go:66: [0m[1myandex_mdb_mysql_cluster.wp_mysql: Still creating... [1m0s elapsed][0m[0m
TestEndToEndDeploymentScenario 2022-08-12T17:51:47+03:00 logger.go:66: [0m[1myandex_mdb_mysql_cluster.wp_mysql: Still creating... [1m10s elapsed][0m[0m
TestEndToEndDeploymentScenario 2022-08-12T17:51:57+03:00 logger.go:66: [0m[1myandex_mdb_mysql_cluster.wp_mysql: Still creating... [1m20s elapsed][0m[0m
TestEndToEndDeploymentScenario 2022-08-12T17:52:07+03:00 logger.go:66: [0m[1myandex_mdb_mysql_cluster.wp_mysql: Still creating... [1m30s elapsed][0m[0m
TestEndToEndDeploymentScenario 2022-08-12T17:52:17+03:00 logger.go:66: [0m[1myandex_mdb_mysql_cluster.wp_mysql: Still creating... [1m40s elapsed][0m[0m
TestEndToEndDeploymentScenario 2022-08-12T17:52:27+03:00 logger.go:66: [0m[1myandex_mdb_mysql_cluster.wp_mysql: Still creating... [1m50s elapsed][0m[0m
TestEndToEndDeploymentScenario 2022-08-12T17:52:37+03:00 logger.go:66: [0m[1myandex_mdb_mysql_cluster.wp_mysql: Still creating... [2m0s elapsed][0m[0m
TestEndToEndDeploymentScenario 2022-08-12T17:52:47+03:00 logger.go:66: [0m[1myandex_mdb_mysql_cluster.wp_mysql: Still creating... [2m10s elapsed][0m[0m
TestEndToEndDeploymentScenario 2022-08-12T17:52:57+03:00 logger.go:66: [0m[1myandex_mdb_mysql_cluster.wp_mysql: Still creating... [2m20s elapsed][0m[0m
TestEndToEndDeploymentScenario 2022-08-12T17:53:07+03:00 logger.go:66: [0m[1myandex_mdb_mysql_cluster.wp_mysql: Still creating... [2m30s elapsed][0m[0m
TestEndToEndDeploymentScenario 2022-08-12T17:53:17+03:00 logger.go:66: [0m[1myandex_mdb_mysql_cluster.wp_mysql: Still creating... [2m40s elapsed][0m[0m
TestEndToEndDeploymentScenario 2022-08-12T17:53:27+03:00 logger.go:66: [0m[1myandex_mdb_mysql_cluster.wp_mysql: Still creating... [2m50s elapsed][0m[0m
TestEndToEndDeploymentScenario 2022-08-12T17:53:37+03:00 logger.go:66: [0m[1myandex_mdb_mysql_cluster.wp_mysql: Still creating... [3m0s elapsed][0m[0m
TestEndToEndDeploymentScenario 2022-08-12T17:53:47+03:00 logger.go:66: [0m[1myandex_mdb_mysql_cluster.wp_mysql: Still creating... [3m10s elapsed][0m[0m
TestEndToEndDeploymentScenario 2022-08-12T17:53:57+03:00 logger.go:66: [0m[1myandex_mdb_mysql_cluster.wp_mysql: Still creating... [3m20s elapsed][0m[0m
TestEndToEndDeploymentScenario 2022-08-12T17:54:07+03:00 logger.go:66: [0m[1myandex_mdb_mysql_cluster.wp_mysql: Still creating... [3m30s elapsed][0m[0m
TestEndToEndDeploymentScenario 2022-08-12T17:54:17+03:00 logger.go:66: [0m[1myandex_mdb_mysql_cluster.wp_mysql: Still creating... [3m40s elapsed][0m[0m
TestEndToEndDeploymentScenario 2022-08-12T17:54:27+03:00 logger.go:66: [0m[1myandex_mdb_mysql_cluster.wp_mysql: Still creating... [3m50s elapsed][0m[0m
TestEndToEndDeploymentScenario 2022-08-12T17:54:37+03:00 logger.go:66: [0m[1myandex_mdb_mysql_cluster.wp_mysql: Still creating... [4m0s elapsed][0m[0m
TestEndToEndDeploymentScenario 2022-08-12T17:54:47+03:00 logger.go:66: [0m[1myandex_mdb_mysql_cluster.wp_mysql: Still creating... [4m10s elapsed][0m[0m
TestEndToEndDeploymentScenario 2022-08-12T17:54:57+03:00 logger.go:66: [0m[1myandex_mdb_mysql_cluster.wp_mysql: Still creating... [4m20s elapsed][0m[0m
TestEndToEndDeploymentScenario 2022-08-12T17:55:07+03:00 logger.go:66: [0m[1myandex_mdb_mysql_cluster.wp_mysql: Still creating... [4m30s elapsed][0m[0m
TestEndToEndDeploymentScenario 2022-08-12T17:55:17+03:00 logger.go:66: [0m[1myandex_mdb_mysql_cluster.wp_mysql: Still creating... [4m40s elapsed][0m[0m
TestEndToEndDeploymentScenario 2022-08-12T17:55:27+03:00 logger.go:66: [0m[1myandex_mdb_mysql_cluster.wp_mysql: Still creating... [4m50s elapsed][0m[0m
TestEndToEndDeploymentScenario 2022-08-12T17:55:37+03:00 logger.go:66: [0m[1myandex_mdb_mysql_cluster.wp_mysql: Still creating... [5m0s elapsed][0m[0m
TestEndToEndDeploymentScenario 2022-08-12T17:55:47+03:00 logger.go:66: [0m[1myandex_mdb_mysql_cluster.wp_mysql: Still creating... [5m10s elapsed][0m[0m
TestEndToEndDeploymentScenario 2022-08-12T17:55:57+03:00 logger.go:66: [0m[1myandex_mdb_mysql_cluster.wp_mysql: Still creating... [5m20s elapsed][0m[0m
TestEndToEndDeploymentScenario 2022-08-12T17:56:07+03:00 logger.go:66: [0m[1myandex_mdb_mysql_cluster.wp_mysql: Still creating... [5m30s elapsed][0m[0m
TestEndToEndDeploymentScenario 2022-08-12T17:56:17+03:00 logger.go:66: [0m[1myandex_mdb_mysql_cluster.wp_mysql: Still creating... [5m40s elapsed][0m[0m
TestEndToEndDeploymentScenario 2022-08-12T17:56:27+03:00 logger.go:66: [0m[1myandex_mdb_mysql_cluster.wp_mysql: Still creating... [5m50s elapsed][0m[0m
TestEndToEndDeploymentScenario 2022-08-12T17:56:37+03:00 logger.go:66: [0m[1myandex_mdb_mysql_cluster.wp_mysql: Still creating... [6m0s elapsed][0m[0m
TestEndToEndDeploymentScenario 2022-08-12T17:56:47+03:00 logger.go:66: [0m[1myandex_mdb_mysql_cluster.wp_mysql: Still creating... [6m10s elapsed][0m[0m
TestEndToEndDeploymentScenario 2022-08-12T17:56:51+03:00 logger.go:66: [0m[1myandex_mdb_mysql_cluster.wp_mysql: Creation complete after 6m14s [id=c9qldcbfm9rerke9u052][0m
TestEndToEndDeploymentScenario 2022-08-12T17:56:51+03:00 logger.go:66: [0m[1myandex_mdb_mysql_database.wp: Creating...[0m[0m
TestEndToEndDeploymentScenario 2022-08-12T17:57:01+03:00 logger.go:66: [0m[1myandex_mdb_mysql_database.wp: Still creating... [10s elapsed][0m[0m
TestEndToEndDeploymentScenario 2022-08-12T17:57:11+03:00 logger.go:66: [0m[1myandex_mdb_mysql_database.wp: Still creating... [20s elapsed][0m[0m
TestEndToEndDeploymentScenario 2022-08-12T17:57:21+03:00 logger.go:66: [0m[1myandex_mdb_mysql_database.wp: Still creating... [30s elapsed][0m[0m
TestEndToEndDeploymentScenario 2022-08-12T17:57:31+03:00 logger.go:66: [0m[1myandex_mdb_mysql_database.wp: Still creating... [40s elapsed][0m[0m
TestEndToEndDeploymentScenario 2022-08-12T17:57:41+03:00 logger.go:66: [0m[1myandex_mdb_mysql_database.wp: Still creating... [50s elapsed][0m[0m
TestEndToEndDeploymentScenario 2022-08-12T17:57:51+03:00 logger.go:66: [0m[1myandex_mdb_mysql_database.wp: Still creating... [1m0s elapsed][0m[0m
TestEndToEndDeploymentScenario 2022-08-12T17:58:01+03:00 logger.go:66: [0m[1myandex_mdb_mysql_database.wp: Still creating... [1m10s elapsed][0m[0m
TestEndToEndDeploymentScenario 2022-08-12T17:58:11+03:00 logger.go:66: [0m[1myandex_mdb_mysql_database.wp: Still creating... [1m20s elapsed][0m[0m
TestEndToEndDeploymentScenario 2022-08-12T17:58:21+03:00 logger.go:66: [0m[1myandex_mdb_mysql_database.wp: Still creating... [1m30s elapsed][0m[0m
TestEndToEndDeploymentScenario 2022-08-12T17:58:31+03:00 logger.go:66: [0m[1myandex_mdb_mysql_database.wp: Still creating... [1m40s elapsed][0m[0m
TestEndToEndDeploymentScenario 2022-08-12T17:58:41+03:00 logger.go:66: [0m[1myandex_mdb_mysql_database.wp: Still creating... [1m50s elapsed][0m[0m
TestEndToEndDeploymentScenario 2022-08-12T17:58:43+03:00 logger.go:66: [0m[1myandex_mdb_mysql_database.wp: Creation complete after 1m52s [id=c9qldcbfm9rerke9u052:db][0m
TestEndToEndDeploymentScenario 2022-08-12T17:58:43+03:00 logger.go:66: [0m[1myandex_mdb_mysql_user.user: Creating...[0m[0m
TestEndToEndDeploymentScenario 2022-08-12T17:58:53+03:00 logger.go:66: [0m[1myandex_mdb_mysql_user.user: Still creating... [10s elapsed][0m[0m
TestEndToEndDeploymentScenario 2022-08-12T17:59:03+03:00 logger.go:66: [0m[1myandex_mdb_mysql_user.user: Still creating... [20s elapsed][0m[0m
TestEndToEndDeploymentScenario 2022-08-12T17:59:03+03:00 logger.go:66: [0m[1myandex_mdb_mysql_user.user: Creation complete after 20s [id=c9qldcbfm9rerke9u052:user][0m
TestEndToEndDeploymentScenario 2022-08-12T17:59:03+03:00 logger.go:66: [0m[1m[32m
TestEndToEndDeploymentScenario 2022-08-12T17:59:03+03:00 logger.go:66: Apply complete! Resources: 10 added, 0 changed, 0 destroyed.
TestEndToEndDeploymentScenario 2022-08-12T17:59:03+03:00 logger.go:66: [0m[0m[1m[32m
TestEndToEndDeploymentScenario 2022-08-12T17:59:03+03:00 logger.go:66: Outputs:
TestEndToEndDeploymentScenario 2022-08-12T17:59:03+03:00 logger.go:66: 
TestEndToEndDeploymentScenario 2022-08-12T17:59:03+03:00 logger.go:66: [0mdatabase_host_fqdn = tolist([
TestEndToEndDeploymentScenario 2022-08-12T17:59:03+03:00 logger.go:66:   "rc1a-g8gxpyi2fqxgsdzl.mdb.yandexcloud.net",
TestEndToEndDeploymentScenario 2022-08-12T17:59:03+03:00 logger.go:66:   "rc1b-wab26hr06f5z66id.mdb.yandexcloud.net",
TestEndToEndDeploymentScenario 2022-08-12T17:59:03+03:00 logger.go:66: ])
TestEndToEndDeploymentScenario 2022-08-12T17:59:03+03:00 logger.go:66: database_host_fqdn_first = "rc1a-g8gxpyi2fqxgsdzl.mdb.yandexcloud.net"
TestEndToEndDeploymentScenario 2022-08-12T17:59:03+03:00 logger.go:66: database_name = "db"
TestEndToEndDeploymentScenario 2022-08-12T17:59:03+03:00 logger.go:66: database_password = <sensitive>
TestEndToEndDeploymentScenario 2022-08-12T17:59:03+03:00 logger.go:66: database_user = "user"
TestEndToEndDeploymentScenario 2022-08-12T17:59:03+03:00 logger.go:66: load_balancer_public_ip = "62.84.118.222"
TestEndToEndDeploymentScenario 2022-08-12T17:59:03+03:00 logger.go:66: vm_linux_public_ip_address = "51.250.15.151"
TestEndToEndDeploymentScenario 2022-08-12T17:59:03+03:00 test_structure.go:27: The 'SKIP_validate' environment variable is not set, so executing stage 'validate'.
Run some tests...
TestEndToEndDeploymentScenario 2022-08-12T17:59:03+03:00 save_test_data.go:215: Loading test data from ../.test-data/TerraformOptions.json
TestEndToEndDeploymentScenario 2022-08-12T17:59:03+03:00 retry.go:91: terraform [output -no-color -json load_balancer_public_ip]
TestEndToEndDeploymentScenario 2022-08-12T17:59:03+03:00 logger.go:66: Running command terraform with args [output -no-color -json load_balancer_public_ip]
TestEndToEndDeploymentScenario 2022-08-12T17:59:03+03:00 logger.go:66: "62.84.118.222"
TestEndToEndDeploymentScenario 2022-08-12T17:59:03+03:00 retry.go:91: terraform [output -no-color -json vm_linux_public_ip_address]
TestEndToEndDeploymentScenario 2022-08-12T17:59:03+03:00 logger.go:66: Running command terraform with args [output -no-color -json vm_linux_public_ip_address]
TestEndToEndDeploymentScenario 2022-08-12T17:59:03+03:00 logger.go:66: "51.250.15.151"
TestEndToEndDeploymentScenario 2022-08-12T17:59:05+03:00 retry.go:91: terraform [output -no-color -json database_host_fqdn_first]
TestEndToEndDeploymentScenario 2022-08-12T17:59:05+03:00 logger.go:66: Running command terraform with args [output -no-color -json database_host_fqdn_first]
TestEndToEndDeploymentScenario 2022-08-12T17:59:05+03:00 logger.go:66: "rc1a-g8gxpyi2fqxgsdzl.mdb.yandexcloud.net"
TestEndToEndDeploymentScenario 2022-08-12T17:59:05+03:00 retry.go:91: terraform [output -no-color -json database_name]
TestEndToEndDeploymentScenario 2022-08-12T17:59:05+03:00 logger.go:66: Running command terraform with args [output -no-color -json database_name]
TestEndToEndDeploymentScenario 2022-08-12T17:59:05+03:00 logger.go:66: "db"
TestEndToEndDeploymentScenario 2022-08-12T17:59:05+03:00 retry.go:91: terraform [output -no-color -json database_user]
TestEndToEndDeploymentScenario 2022-08-12T17:59:05+03:00 logger.go:66: Running command terraform with args [output -no-color -json database_user]
TestEndToEndDeploymentScenario 2022-08-12T17:59:05+03:00 logger.go:66: "user"
TestEndToEndDeploymentScenario 2022-08-12T17:59:05+03:00 retry.go:91: terraform [output -no-color -json database_password]
TestEndToEndDeploymentScenario 2022-08-12T17:59:05+03:00 logger.go:66: Running command terraform with args [output -no-color -json database_password]
TestEndToEndDeploymentScenario 2022-08-12T17:59:06+03:00 logger.go:66: "password"
&{{{{0 0} 0 0 0 0} [] {0xc000603040} false false false false map[8131522:{} 8131810:{} 8132846:{} 8133175:{}] map[] []  [] false false 0xc0004e7bc0 false 0 0 testing.tRunner 0xc000602ea0 1 [5371982 5360395 5371638 5366233 21841802 4440978 4644545] TestEndToEndDeploymentScenario {13886207393142745551 9150300 0x26a1b40} 0 0xc000054420 0xc0005983f0 [] {0 0}  <nil> 0} false false 0xc000126640} Connecting to %s rc1a-g8gxpyi2fqxgsdzl.mdb.yandexcloud.net
TestEndToEndDeploymentScenario 2022-08-12T17:59:06+03:00 test_structure.go:27: The 'SKIP_teardown' environment variable is not set, so executing stage 'teardown'.
TestEndToEndDeploymentScenario 2022-08-12T17:59:06+03:00 save_test_data.go:215: Loading test data from ../.test-data/TerraformOptions.json
TestEndToEndDeploymentScenario 2022-08-12T17:59:06+03:00 retry.go:91: terraform [destroy -auto-approve -input=false -var yc_folder=b1gunli0c206u2ra1b9l -lock=false]
TestEndToEndDeploymentScenario 2022-08-12T17:59:06+03:00 logger.go:66: Running command terraform with args [destroy -auto-approve -input=false -var yc_folder=b1gunli0c206u2ra1b9l -lock=false]
TestEndToEndDeploymentScenario 2022-08-12T17:59:06+03:00 logger.go:66: [0m[1myandex_vpc_network.wp-network: Refreshing state... [id=enpgq06na6o2aonq1dd5][0m
TestEndToEndDeploymentScenario 2022-08-12T17:59:09+03:00 logger.go:66: [0m[1myandex_vpc_subnet.wp-subnets["a"]: Refreshing state... [id=e9bt1c0oarciia3igbau][0m
TestEndToEndDeploymentScenario 2022-08-12T17:59:09+03:00 logger.go:66: [0m[1myandex_vpc_subnet.wp-subnets["b"]: Refreshing state... [id=e2ljbfqopkh7eummojsq][0m
TestEndToEndDeploymentScenario 2022-08-12T17:59:09+03:00 logger.go:66: [0m[1myandex_mdb_mysql_cluster.wp_mysql: Refreshing state... [id=c9qldcbfm9rerke9u052][0m
TestEndToEndDeploymentScenario 2022-08-12T17:59:09+03:00 logger.go:66: [0m[1myandex_compute_instance.wp-apps["b"]: Refreshing state... [id=epddrlrrsj1l1plf5tmm][0m
TestEndToEndDeploymentScenario 2022-08-12T17:59:09+03:00 logger.go:66: [0m[1myandex_compute_instance.wp-apps["a"]: Refreshing state... [id=fhmeh2io7b7csrv1ejrr][0m
TestEndToEndDeploymentScenario 2022-08-12T17:59:10+03:00 logger.go:66: [0m[1myandex_lb_target_group.wp_tg: Refreshing state... [id=enpt2c8pnkc88sfi84g9][0m
TestEndToEndDeploymentScenario 2022-08-12T17:59:10+03:00 logger.go:66: [0m[1myandex_mdb_mysql_database.wp: Refreshing state... [id=c9qldcbfm9rerke9u052:db][0m
TestEndToEndDeploymentScenario 2022-08-12T17:59:10+03:00 logger.go:66: [0m[1myandex_mdb_mysql_user.user: Refreshing state... [id=c9qldcbfm9rerke9u052:user][0m
TestEndToEndDeploymentScenario 2022-08-12T17:59:11+03:00 logger.go:66: [0m[1myandex_lb_network_load_balancer.wp_lb: Refreshing state... [id=enpjnkkfelsl1race0se][0m
TestEndToEndDeploymentScenario 2022-08-12T17:59:11+03:00 logger.go:66: 
TestEndToEndDeploymentScenario 2022-08-12T17:59:11+03:00 logger.go:66: Terraform used the selected providers to generate the following execution
TestEndToEndDeploymentScenario 2022-08-12T17:59:11+03:00 logger.go:66: plan. Resource actions are indicated with the following symbols:
TestEndToEndDeploymentScenario 2022-08-12T17:59:11+03:00 logger.go:66:   [31m-[0m destroy
TestEndToEndDeploymentScenario 2022-08-12T17:59:11+03:00 logger.go:66: [0m
TestEndToEndDeploymentScenario 2022-08-12T17:59:11+03:00 logger.go:66: Terraform will perform the following actions:
TestEndToEndDeploymentScenario 2022-08-12T17:59:11+03:00 logger.go:66: 
TestEndToEndDeploymentScenario 2022-08-12T17:59:11+03:00 logger.go:66: [1m  # yandex_compute_instance.wp-apps["a"][0m will be [1m[31mdestroyed[0m[0m
TestEndToEndDeploymentScenario 2022-08-12T17:59:11+03:00 logger.go:66: [0m  [31m-[0m[0m resource "yandex_compute_instance" "wp-apps" {
TestEndToEndDeploymentScenario 2022-08-12T17:59:11+03:00 logger.go:66:       [31m-[0m [0m[1m[0mcreated_at[0m[0m                = "2022-08-12T14:50:38Z" [90m->[0m [0m[90mnull[0m[0m
TestEndToEndDeploymentScenario 2022-08-12T17:59:11+03:00 logger.go:66:       [31m-[0m [0m[1m[0mfolder_id[0m[0m                 = "b1gunli0c206u2ra1b9l" [90m->[0m [0m[90mnull[0m[0m
TestEndToEndDeploymentScenario 2022-08-12T17:59:11+03:00 logger.go:66:       [31m-[0m [0m[1m[0mfqdn[0m[0m                      = "fhmeh2io7b7csrv1ejrr.auto.internal" [90m->[0m [0m[90mnull[0m[0m
TestEndToEndDeploymentScenario 2022-08-12T17:59:11+03:00 logger.go:66:       [31m-[0m [0m[1m[0mid[0m[0m                        = "fhmeh2io7b7csrv1ejrr" [90m->[0m [0m[90mnull[0m[0m
TestEndToEndDeploymentScenario 2022-08-12T17:59:11+03:00 logger.go:66:       [31m-[0m [0m[1m[0mlabels[0m[0m                    = {} [90m->[0m [0m[90mnull[0m[0m
TestEndToEndDeploymentScenario 2022-08-12T17:59:11+03:00 logger.go:66:       [31m-[0m [0m[1m[0mmetadata[0m[0m                  = {
TestEndToEndDeploymentScenario 2022-08-12T17:59:11+03:00 logger.go:66:           [31m-[0m [0m"ssh-keys" = <<-EOT
TestEndToEndDeploymentScenario 2022-08-12T17:59:11+03:00 logger.go:66:                 ubuntu:ssh-rsa AAAAB3NzaC1yc2EAAAADAQABAAACAQCwMyjZt06rvOMKN66s1yMQmdy/CEGcntM1IMrEGEfnLYzSfIZunQUwDKHT2rKkJGnB5+NEwH/ZH3S/oXMhBd44nl4L/k4qOJHO7440ad0E2y5XkCnBvQONs+giaY6IkiXFcF2sZyowDgzBk77i+xK9ZoNFw4WAFV03wnHvPRnMyW1LxDq8mwwZS4GjqIgG/+1cLELwLYCAd9fqFOnmHqAnDfCsEMHLGBQb5ZohqubugJ3d/Xm5ckowH65JjlvkLxzYwRA3uwJEfYuYIryjqhOf81p8zkH9DXleb9FUJND1Q0jPzwBVMdSvQMheGvyL2kFKUpM8bDLScO+D4h46CyjaXexqGlVOSu/rQmuaR99el8We7wlYodAhQciB/u3qNLuA+jILYs09ITIEdr1cozpu7PEulgUnzQP7FBx1HlqN3bo9gLCJlJlILnuqwmZDcj5NxKghM06+4H9nraA8Vq0OCM4K//QaSXF79Mca3jd6gmoUBJHGXzIPY0NgGPXsx/+nrGjUQcRr8qLSDeUxLTO8oaV/RnHdQUSCdaG4C2iQAVMZdmbvDnRejKrHL5ttjf5Cmy0xpk9yHECsyKQC2JwX3z+cA8cTSJkmPSjCsJP5bz1kWdTocADVoi4RuXSR05P9ohO4DXn5yUXuqSaLcqc/ITvGVvwNpfvqCD2zFCAScQ== irqoff@dell
TestEndToEndDeploymentScenario 2022-08-12T17:59:11+03:00 logger.go:66:             EOT
TestEndToEndDeploymentScenario 2022-08-12T17:59:11+03:00 logger.go:66:         } [90m->[0m [0m[90mnull[0m[0m
TestEndToEndDeploymentScenario 2022-08-12T17:59:11+03:00 logger.go:66:       [31m-[0m [0m[1m[0mname[0m[0m                      = "wp-app-a" [90m->[0m [0m[90mnull[0m[0m
TestEndToEndDeploymentScenario 2022-08-12T17:59:11+03:00 logger.go:66:       [31m-[0m [0m[1m[0mnetwork_acceleration_type[0m[0m = "standard" [90m->[0m [0m[90mnull[0m[0m
TestEndToEndDeploymentScenario 2022-08-12T17:59:11+03:00 logger.go:66:       [31m-[0m [0m[1m[0mplatform_id[0m[0m               = "standard-v1" [90m->[0m [0m[90mnull[0m[0m
TestEndToEndDeploymentScenario 2022-08-12T17:59:11+03:00 logger.go:66:       [31m-[0m [0m[1m[0mstatus[0m[0m                    = "running" [90m->[0m [0m[90mnull[0m[0m
TestEndToEndDeploymentScenario 2022-08-12T17:59:11+03:00 logger.go:66:       [31m-[0m [0m[1m[0mzone[0m[0m                      = "ru-central1-a" [90m->[0m [0m[90mnull[0m[0m
TestEndToEndDeploymentScenario 2022-08-12T17:59:11+03:00 logger.go:66: 
TestEndToEndDeploymentScenario 2022-08-12T17:59:11+03:00 logger.go:66:       [31m-[0m [0mboot_disk {
TestEndToEndDeploymentScenario 2022-08-12T17:59:11+03:00 logger.go:66:           [31m-[0m [0m[1m[0mauto_delete[0m[0m = true [90m->[0m [0m[90mnull[0m[0m
TestEndToEndDeploymentScenario 2022-08-12T17:59:11+03:00 logger.go:66:           [31m-[0m [0m[1m[0mdevice_name[0m[0m = "fhmt4c20gssodkg14892" [90m->[0m [0m[90mnull[0m[0m
TestEndToEndDeploymentScenario 2022-08-12T17:59:11+03:00 logger.go:66:           [31m-[0m [0m[1m[0mdisk_id[0m[0m     = "fhmt4c20gssodkg14892" [90m->[0m [0m[90mnull[0m[0m
TestEndToEndDeploymentScenario 2022-08-12T17:59:11+03:00 logger.go:66:           [31m-[0m [0m[1m[0mmode[0m[0m        = "READ_WRITE" [90m->[0m [0m[90mnull[0m[0m
TestEndToEndDeploymentScenario 2022-08-12T17:59:11+03:00 logger.go:66: 
TestEndToEndDeploymentScenario 2022-08-12T17:59:11+03:00 logger.go:66:           [31m-[0m [0minitialize_params {
TestEndToEndDeploymentScenario 2022-08-12T17:59:11+03:00 logger.go:66:               [31m-[0m [0m[1m[0mblock_size[0m[0m = 4096 [90m->[0m [0m[90mnull[0m[0m
TestEndToEndDeploymentScenario 2022-08-12T17:59:11+03:00 logger.go:66:               [31m-[0m [0m[1m[0mimage_id[0m[0m   = "fd80viupr3qjr5g6g9du" [90m->[0m [0m[90mnull[0m[0m
TestEndToEndDeploymentScenario 2022-08-12T17:59:11+03:00 logger.go:66:               [31m-[0m [0m[1m[0msize[0m[0m       = 3 [90m->[0m [0m[90mnull[0m[0m
TestEndToEndDeploymentScenario 2022-08-12T17:59:11+03:00 logger.go:66:               [31m-[0m [0m[1m[0mtype[0m[0m       = "network-hdd" [90m->[0m [0m[90mnull[0m[0m
TestEndToEndDeploymentScenario 2022-08-12T17:59:11+03:00 logger.go:66:             }
TestEndToEndDeploymentScenario 2022-08-12T17:59:11+03:00 logger.go:66:         }
TestEndToEndDeploymentScenario 2022-08-12T17:59:11+03:00 logger.go:66: 
TestEndToEndDeploymentScenario 2022-08-12T17:59:11+03:00 logger.go:66:       [31m-[0m [0mnetwork_interface {
TestEndToEndDeploymentScenario 2022-08-12T17:59:11+03:00 logger.go:66:           [31m-[0m [0m[1m[0mindex[0m[0m              = 0 [90m->[0m [0m[90mnull[0m[0m
TestEndToEndDeploymentScenario 2022-08-12T17:59:11+03:00 logger.go:66:           [31m-[0m [0m[1m[0mip_address[0m[0m         = "10.2.0.19" [90m->[0m [0m[90mnull[0m[0m
TestEndToEndDeploymentScenario 2022-08-12T17:59:11+03:00 logger.go:66:           [31m-[0m [0m[1m[0mipv4[0m[0m               = true [90m->[0m [0m[90mnull[0m[0m
TestEndToEndDeploymentScenario 2022-08-12T17:59:11+03:00 logger.go:66:           [31m-[0m [0m[1m[0mipv6[0m[0m               = false [90m->[0m [0m[90mnull[0m[0m
TestEndToEndDeploymentScenario 2022-08-12T17:59:11+03:00 logger.go:66:           [31m-[0m [0m[1m[0mmac_address[0m[0m        = "d0:0d:e8:8a:58:3a" [90m->[0m [0m[90mnull[0m[0m
TestEndToEndDeploymentScenario 2022-08-12T17:59:11+03:00 logger.go:66:           [31m-[0m [0m[1m[0mnat[0m[0m                = true [90m->[0m [0m[90mnull[0m[0m
TestEndToEndDeploymentScenario 2022-08-12T17:59:11+03:00 logger.go:66:           [31m-[0m [0m[1m[0mnat_ip_address[0m[0m     = "51.250.15.151" [90m->[0m [0m[90mnull[0m[0m
TestEndToEndDeploymentScenario 2022-08-12T17:59:11+03:00 logger.go:66:           [31m-[0m [0m[1m[0mnat_ip_version[0m[0m     = "IPV4" [90m->[0m [0m[90mnull[0m[0m
TestEndToEndDeploymentScenario 2022-08-12T17:59:11+03:00 logger.go:66:           [31m-[0m [0m[1m[0msecurity_group_ids[0m[0m = [] [90m->[0m [0m[90mnull[0m[0m
TestEndToEndDeploymentScenario 2022-08-12T17:59:11+03:00 logger.go:66:           [31m-[0m [0m[1m[0msubnet_id[0m[0m          = "e9bt1c0oarciia3igbau" [90m->[0m [0m[90mnull[0m[0m
TestEndToEndDeploymentScenario 2022-08-12T17:59:11+03:00 logger.go:66:         }
TestEndToEndDeploymentScenario 2022-08-12T17:59:11+03:00 logger.go:66: 
TestEndToEndDeploymentScenario 2022-08-12T17:59:11+03:00 logger.go:66:       [31m-[0m [0mplacement_policy {
TestEndToEndDeploymentScenario 2022-08-12T17:59:11+03:00 logger.go:66:           [31m-[0m [0m[1m[0mhost_affinity_rules[0m[0m = [] [90m->[0m [0m[90mnull[0m[0m
TestEndToEndDeploymentScenario 2022-08-12T17:59:11+03:00 logger.go:66:         }
TestEndToEndDeploymentScenario 2022-08-12T17:59:11+03:00 logger.go:66: 
TestEndToEndDeploymentScenario 2022-08-12T17:59:11+03:00 logger.go:66:       [31m-[0m [0mresources {
TestEndToEndDeploymentScenario 2022-08-12T17:59:11+03:00 logger.go:66:           [31m-[0m [0m[1m[0mcore_fraction[0m[0m = 100 [90m->[0m [0m[90mnull[0m[0m
TestEndToEndDeploymentScenario 2022-08-12T17:59:11+03:00 logger.go:66:           [31m-[0m [0m[1m[0mcores[0m[0m         = 2 [90m->[0m [0m[90mnull[0m[0m
TestEndToEndDeploymentScenario 2022-08-12T17:59:11+03:00 logger.go:66:           [31m-[0m [0m[1m[0mgpus[0m[0m          = 0 [90m->[0m [0m[90mnull[0m[0m
TestEndToEndDeploymentScenario 2022-08-12T17:59:11+03:00 logger.go:66:           [31m-[0m [0m[1m[0mmemory[0m[0m        = 2 [90m->[0m [0m[90mnull[0m[0m
TestEndToEndDeploymentScenario 2022-08-12T17:59:11+03:00 logger.go:66:         }
TestEndToEndDeploymentScenario 2022-08-12T17:59:11+03:00 logger.go:66: 
TestEndToEndDeploymentScenario 2022-08-12T17:59:11+03:00 logger.go:66:       [31m-[0m [0mscheduling_policy {
TestEndToEndDeploymentScenario 2022-08-12T17:59:11+03:00 logger.go:66:           [31m-[0m [0m[1m[0mpreemptible[0m[0m = false [90m->[0m [0m[90mnull[0m[0m
TestEndToEndDeploymentScenario 2022-08-12T17:59:11+03:00 logger.go:66:         }
TestEndToEndDeploymentScenario 2022-08-12T17:59:11+03:00 logger.go:66:     }
TestEndToEndDeploymentScenario 2022-08-12T17:59:11+03:00 logger.go:66: 
TestEndToEndDeploymentScenario 2022-08-12T17:59:11+03:00 logger.go:66: [1m  # yandex_compute_instance.wp-apps["b"][0m will be [1m[31mdestroyed[0m[0m
TestEndToEndDeploymentScenario 2022-08-12T17:59:11+03:00 logger.go:66: [0m  [31m-[0m[0m resource "yandex_compute_instance" "wp-apps" {
TestEndToEndDeploymentScenario 2022-08-12T17:59:11+03:00 logger.go:66:       [31m-[0m [0m[1m[0mcreated_at[0m[0m                = "2022-08-12T14:50:38Z" [90m->[0m [0m[90mnull[0m[0m
TestEndToEndDeploymentScenario 2022-08-12T17:59:11+03:00 logger.go:66:       [31m-[0m [0m[1m[0mfolder_id[0m[0m                 = "b1gunli0c206u2ra1b9l" [90m->[0m [0m[90mnull[0m[0m
TestEndToEndDeploymentScenario 2022-08-12T17:59:11+03:00 logger.go:66:       [31m-[0m [0m[1m[0mfqdn[0m[0m                      = "epddrlrrsj1l1plf5tmm.auto.internal" [90m->[0m [0m[90mnull[0m[0m
TestEndToEndDeploymentScenario 2022-08-12T17:59:11+03:00 logger.go:66:       [31m-[0m [0m[1m[0mid[0m[0m                        = "epddrlrrsj1l1plf5tmm" [90m->[0m [0m[90mnull[0m[0m
TestEndToEndDeploymentScenario 2022-08-12T17:59:11+03:00 logger.go:66:       [31m-[0m [0m[1m[0mlabels[0m[0m                    = {} [90m->[0m [0m[90mnull[0m[0m
TestEndToEndDeploymentScenario 2022-08-12T17:59:11+03:00 logger.go:66:       [31m-[0m [0m[1m[0mmetadata[0m[0m                  = {
TestEndToEndDeploymentScenario 2022-08-12T17:59:11+03:00 logger.go:66:           [31m-[0m [0m"ssh-keys" = <<-EOT
TestEndToEndDeploymentScenario 2022-08-12T17:59:11+03:00 logger.go:66:                 ubuntu:ssh-rsa AAAAB3NzaC1yc2EAAAADAQABAAACAQCwMyjZt06rvOMKN66s1yMQmdy/CEGcntM1IMrEGEfnLYzSfIZunQUwDKHT2rKkJGnB5+NEwH/ZH3S/oXMhBd44nl4L/k4qOJHO7440ad0E2y5XkCnBvQONs+giaY6IkiXFcF2sZyowDgzBk77i+xK9ZoNFw4WAFV03wnHvPRnMyW1LxDq8mwwZS4GjqIgG/+1cLELwLYCAd9fqFOnmHqAnDfCsEMHLGBQb5ZohqubugJ3d/Xm5ckowH65JjlvkLxzYwRA3uwJEfYuYIryjqhOf81p8zkH9DXleb9FUJND1Q0jPzwBVMdSvQMheGvyL2kFKUpM8bDLScO+D4h46CyjaXexqGlVOSu/rQmuaR99el8We7wlYodAhQciB/u3qNLuA+jILYs09ITIEdr1cozpu7PEulgUnzQP7FBx1HlqN3bo9gLCJlJlILnuqwmZDcj5NxKghM06+4H9nraA8Vq0OCM4K//QaSXF79Mca3jd6gmoUBJHGXzIPY0NgGPXsx/+nrGjUQcRr8qLSDeUxLTO8oaV/RnHdQUSCdaG4C2iQAVMZdmbvDnRejKrHL5ttjf5Cmy0xpk9yHECsyKQC2JwX3z+cA8cTSJkmPSjCsJP5bz1kWdTocADVoi4RuXSR05P9ohO4DXn5yUXuqSaLcqc/ITvGVvwNpfvqCD2zFCAScQ== irqoff@dell
TestEndToEndDeploymentScenario 2022-08-12T17:59:11+03:00 logger.go:66:             EOT
TestEndToEndDeploymentScenario 2022-08-12T17:59:11+03:00 logger.go:66:         } [90m->[0m [0m[90mnull[0m[0m
TestEndToEndDeploymentScenario 2022-08-12T17:59:11+03:00 logger.go:66:       [31m-[0m [0m[1m[0mname[0m[0m                      = "wp-app-b" [90m->[0m [0m[90mnull[0m[0m
TestEndToEndDeploymentScenario 2022-08-12T17:59:11+03:00 logger.go:66:       [31m-[0m [0m[1m[0mnetwork_acceleration_type[0m[0m = "standard" [90m->[0m [0m[90mnull[0m[0m
TestEndToEndDeploymentScenario 2022-08-12T17:59:11+03:00 logger.go:66:       [31m-[0m [0m[1m[0mplatform_id[0m[0m               = "standard-v1" [90m->[0m [0m[90mnull[0m[0m
TestEndToEndDeploymentScenario 2022-08-12T17:59:11+03:00 logger.go:66:       [31m-[0m [0m[1m[0mstatus[0m[0m                    = "running" [90m->[0m [0m[90mnull[0m[0m
TestEndToEndDeploymentScenario 2022-08-12T17:59:11+03:00 logger.go:66:       [31m-[0m [0m[1m[0mzone[0m[0m                      = "ru-central1-b" [90m->[0m [0m[90mnull[0m[0m
TestEndToEndDeploymentScenario 2022-08-12T17:59:11+03:00 logger.go:66: 
TestEndToEndDeploymentScenario 2022-08-12T17:59:11+03:00 logger.go:66:       [31m-[0m [0mboot_disk {
TestEndToEndDeploymentScenario 2022-08-12T17:59:11+03:00 logger.go:66:           [31m-[0m [0m[1m[0mauto_delete[0m[0m = true [90m->[0m [0m[90mnull[0m[0m
TestEndToEndDeploymentScenario 2022-08-12T17:59:11+03:00 logger.go:66:           [31m-[0m [0m[1m[0mdevice_name[0m[0m = "epdjoqnsj45gv7j5kvag" [90m->[0m [0m[90mnull[0m[0m
TestEndToEndDeploymentScenario 2022-08-12T17:59:11+03:00 logger.go:66:           [31m-[0m [0m[1m[0mdisk_id[0m[0m     = "epdjoqnsj45gv7j5kvag" [90m->[0m [0m[90mnull[0m[0m
TestEndToEndDeploymentScenario 2022-08-12T17:59:11+03:00 logger.go:66:           [31m-[0m [0m[1m[0mmode[0m[0m        = "READ_WRITE" [90m->[0m [0m[90mnull[0m[0m
TestEndToEndDeploymentScenario 2022-08-12T17:59:11+03:00 logger.go:66: 
TestEndToEndDeploymentScenario 2022-08-12T17:59:11+03:00 logger.go:66:           [31m-[0m [0minitialize_params {
TestEndToEndDeploymentScenario 2022-08-12T17:59:11+03:00 logger.go:66:               [31m-[0m [0m[1m[0mblock_size[0m[0m = 4096 [90m->[0m [0m[90mnull[0m[0m
TestEndToEndDeploymentScenario 2022-08-12T17:59:11+03:00 logger.go:66:               [31m-[0m [0m[1m[0mimage_id[0m[0m   = "fd80viupr3qjr5g6g9du" [90m->[0m [0m[90mnull[0m[0m
TestEndToEndDeploymentScenario 2022-08-12T17:59:11+03:00 logger.go:66:               [31m-[0m [0m[1m[0msize[0m[0m       = 3 [90m->[0m [0m[90mnull[0m[0m
TestEndToEndDeploymentScenario 2022-08-12T17:59:11+03:00 logger.go:66:               [31m-[0m [0m[1m[0mtype[0m[0m       = "network-hdd" [90m->[0m [0m[90mnull[0m[0m
TestEndToEndDeploymentScenario 2022-08-12T17:59:11+03:00 logger.go:66:             }
TestEndToEndDeploymentScenario 2022-08-12T17:59:11+03:00 logger.go:66:         }
TestEndToEndDeploymentScenario 2022-08-12T17:59:11+03:00 logger.go:66: 
TestEndToEndDeploymentScenario 2022-08-12T17:59:11+03:00 logger.go:66:       [31m-[0m [0mnetwork_interface {
TestEndToEndDeploymentScenario 2022-08-12T17:59:11+03:00 logger.go:66:           [31m-[0m [0m[1m[0mindex[0m[0m              = 0 [90m->[0m [0m[90mnull[0m[0m
TestEndToEndDeploymentScenario 2022-08-12T17:59:11+03:00 logger.go:66:           [31m-[0m [0m[1m[0mip_address[0m[0m         = "10.3.0.13" [90m->[0m [0m[90mnull[0m[0m
TestEndToEndDeploymentScenario 2022-08-12T17:59:11+03:00 logger.go:66:           [31m-[0m [0m[1m[0mipv4[0m[0m               = true [90m->[0m [0m[90mnull[0m[0m
TestEndToEndDeploymentScenario 2022-08-12T17:59:11+03:00 logger.go:66:           [31m-[0m [0m[1m[0mipv6[0m[0m               = false [90m->[0m [0m[90mnull[0m[0m
TestEndToEndDeploymentScenario 2022-08-12T17:59:11+03:00 logger.go:66:           [31m-[0m [0m[1m[0mmac_address[0m[0m        = "d0:0d:dd:d7:7b:e4" [90m->[0m [0m[90mnull[0m[0m
TestEndToEndDeploymentScenario 2022-08-12T17:59:11+03:00 logger.go:66:           [31m-[0m [0m[1m[0mnat[0m[0m                = true [90m->[0m [0m[90mnull[0m[0m
TestEndToEndDeploymentScenario 2022-08-12T17:59:11+03:00 logger.go:66:           [31m-[0m [0m[1m[0mnat_ip_address[0m[0m     = "51.250.105.78" [90m->[0m [0m[90mnull[0m[0m
TestEndToEndDeploymentScenario 2022-08-12T17:59:11+03:00 logger.go:66:           [31m-[0m [0m[1m[0mnat_ip_version[0m[0m     = "IPV4" [90m->[0m [0m[90mnull[0m[0m
TestEndToEndDeploymentScenario 2022-08-12T17:59:11+03:00 logger.go:66:           [31m-[0m [0m[1m[0msecurity_group_ids[0m[0m = [] [90m->[0m [0m[90mnull[0m[0m
TestEndToEndDeploymentScenario 2022-08-12T17:59:11+03:00 logger.go:66:           [31m-[0m [0m[1m[0msubnet_id[0m[0m          = "e2ljbfqopkh7eummojsq" [90m->[0m [0m[90mnull[0m[0m
TestEndToEndDeploymentScenario 2022-08-12T17:59:11+03:00 logger.go:66:         }
TestEndToEndDeploymentScenario 2022-08-12T17:59:11+03:00 logger.go:66: 
TestEndToEndDeploymentScenario 2022-08-12T17:59:11+03:00 logger.go:66:       [31m-[0m [0mplacement_policy {
TestEndToEndDeploymentScenario 2022-08-12T17:59:11+03:00 logger.go:66:           [31m-[0m [0m[1m[0mhost_affinity_rules[0m[0m = [] [90m->[0m [0m[90mnull[0m[0m
TestEndToEndDeploymentScenario 2022-08-12T17:59:11+03:00 logger.go:66:         }
TestEndToEndDeploymentScenario 2022-08-12T17:59:11+03:00 logger.go:66: 
TestEndToEndDeploymentScenario 2022-08-12T17:59:11+03:00 logger.go:66:       [31m-[0m [0mresources {
TestEndToEndDeploymentScenario 2022-08-12T17:59:11+03:00 logger.go:66:           [31m-[0m [0m[1m[0mcore_fraction[0m[0m = 100 [90m->[0m [0m[90mnull[0m[0m
TestEndToEndDeploymentScenario 2022-08-12T17:59:11+03:00 logger.go:66:           [31m-[0m [0m[1m[0mcores[0m[0m         = 2 [90m->[0m [0m[90mnull[0m[0m
TestEndToEndDeploymentScenario 2022-08-12T17:59:11+03:00 logger.go:66:           [31m-[0m [0m[1m[0mgpus[0m[0m          = 0 [90m->[0m [0m[90mnull[0m[0m
TestEndToEndDeploymentScenario 2022-08-12T17:59:11+03:00 logger.go:66:           [31m-[0m [0m[1m[0mmemory[0m[0m        = 2 [90m->[0m [0m[90mnull[0m[0m
TestEndToEndDeploymentScenario 2022-08-12T17:59:11+03:00 logger.go:66:         }
TestEndToEndDeploymentScenario 2022-08-12T17:59:11+03:00 logger.go:66: 
TestEndToEndDeploymentScenario 2022-08-12T17:59:11+03:00 logger.go:66:       [31m-[0m [0mscheduling_policy {
TestEndToEndDeploymentScenario 2022-08-12T17:59:11+03:00 logger.go:66:           [31m-[0m [0m[1m[0mpreemptible[0m[0m = false [90m->[0m [0m[90mnull[0m[0m
TestEndToEndDeploymentScenario 2022-08-12T17:59:11+03:00 logger.go:66:         }
TestEndToEndDeploymentScenario 2022-08-12T17:59:11+03:00 logger.go:66:     }
TestEndToEndDeploymentScenario 2022-08-12T17:59:11+03:00 logger.go:66: 
TestEndToEndDeploymentScenario 2022-08-12T17:59:11+03:00 logger.go:66: [1m  # yandex_lb_network_load_balancer.wp_lb[0m will be [1m[31mdestroyed[0m[0m
TestEndToEndDeploymentScenario 2022-08-12T17:59:11+03:00 logger.go:66: [0m  [31m-[0m[0m resource "yandex_lb_network_load_balancer" "wp_lb" {
TestEndToEndDeploymentScenario 2022-08-12T17:59:11+03:00 logger.go:66:       [31m-[0m [0m[1m[0mcreated_at[0m[0m = "2022-08-12T14:51:16Z" [90m->[0m [0m[90mnull[0m[0m
TestEndToEndDeploymentScenario 2022-08-12T17:59:11+03:00 logger.go:66:       [31m-[0m [0m[1m[0mfolder_id[0m[0m  = "b1gunli0c206u2ra1b9l" [90m->[0m [0m[90mnull[0m[0m
TestEndToEndDeploymentScenario 2022-08-12T17:59:11+03:00 logger.go:66:       [31m-[0m [0m[1m[0mid[0m[0m         = "enpjnkkfelsl1race0se" [90m->[0m [0m[90mnull[0m[0m
TestEndToEndDeploymentScenario 2022-08-12T17:59:11+03:00 logger.go:66:       [31m-[0m [0m[1m[0mlabels[0m[0m     = {} [90m->[0m [0m[90mnull[0m[0m
TestEndToEndDeploymentScenario 2022-08-12T17:59:11+03:00 logger.go:66:       [31m-[0m [0m[1m[0mname[0m[0m       = "wp-network-load-balancer" [90m->[0m [0m[90mnull[0m[0m
TestEndToEndDeploymentScenario 2022-08-12T17:59:11+03:00 logger.go:66:       [31m-[0m [0m[1m[0mregion_id[0m[0m  = "ru-central1" [90m->[0m [0m[90mnull[0m[0m
TestEndToEndDeploymentScenario 2022-08-12T17:59:11+03:00 logger.go:66:       [31m-[0m [0m[1m[0mtype[0m[0m       = "external" [90m->[0m [0m[90mnull[0m[0m
TestEndToEndDeploymentScenario 2022-08-12T17:59:11+03:00 logger.go:66: 
TestEndToEndDeploymentScenario 2022-08-12T17:59:11+03:00 logger.go:66:       [31m-[0m [0mattached_target_group {
TestEndToEndDeploymentScenario 2022-08-12T17:59:11+03:00 logger.go:66:           [31m-[0m [0m[1m[0mtarget_group_id[0m[0m = "enpt2c8pnkc88sfi84g9" [90m->[0m [0m[90mnull[0m[0m
TestEndToEndDeploymentScenario 2022-08-12T17:59:11+03:00 logger.go:66: 
TestEndToEndDeploymentScenario 2022-08-12T17:59:11+03:00 logger.go:66:           [31m-[0m [0mhealthcheck {
TestEndToEndDeploymentScenario 2022-08-12T17:59:11+03:00 logger.go:66:               [31m-[0m [0m[1m[0mhealthy_threshold[0m[0m   = 2 [90m->[0m [0m[90mnull[0m[0m
TestEndToEndDeploymentScenario 2022-08-12T17:59:11+03:00 logger.go:66:               [31m-[0m [0m[1m[0minterval[0m[0m            = 2 [90m->[0m [0m[90mnull[0m[0m
TestEndToEndDeploymentScenario 2022-08-12T17:59:11+03:00 logger.go:66:               [31m-[0m [0m[1m[0mname[0m[0m                = "http" [90m->[0m [0m[90mnull[0m[0m
TestEndToEndDeploymentScenario 2022-08-12T17:59:11+03:00 logger.go:66:               [31m-[0m [0m[1m[0mtimeout[0m[0m             = 1 [90m->[0m [0m[90mnull[0m[0m
TestEndToEndDeploymentScenario 2022-08-12T17:59:11+03:00 logger.go:66:               [31m-[0m [0m[1m[0munhealthy_threshold[0m[0m = 2 [90m->[0m [0m[90mnull[0m[0m
TestEndToEndDeploymentScenario 2022-08-12T17:59:11+03:00 logger.go:66: 
TestEndToEndDeploymentScenario 2022-08-12T17:59:11+03:00 logger.go:66:               [31m-[0m [0mhttp_options {
TestEndToEndDeploymentScenario 2022-08-12T17:59:11+03:00 logger.go:66:                   [31m-[0m [0m[1m[0mpath[0m[0m = "/health" [90m->[0m [0m[90mnull[0m[0m
TestEndToEndDeploymentScenario 2022-08-12T17:59:11+03:00 logger.go:66:                   [31m-[0m [0m[1m[0mport[0m[0m = 80 [90m->[0m [0m[90mnull[0m[0m
TestEndToEndDeploymentScenario 2022-08-12T17:59:11+03:00 logger.go:66:                 }
TestEndToEndDeploymentScenario 2022-08-12T17:59:11+03:00 logger.go:66:             }
TestEndToEndDeploymentScenario 2022-08-12T17:59:11+03:00 logger.go:66:         }
TestEndToEndDeploymentScenario 2022-08-12T17:59:11+03:00 logger.go:66: 
TestEndToEndDeploymentScenario 2022-08-12T17:59:11+03:00 logger.go:66:       [31m-[0m [0mlistener {
TestEndToEndDeploymentScenario 2022-08-12T17:59:11+03:00 logger.go:66:           [31m-[0m [0m[1m[0mname[0m[0m        = "wp-listener" [90m->[0m [0m[90mnull[0m[0m
TestEndToEndDeploymentScenario 2022-08-12T17:59:11+03:00 logger.go:66:           [31m-[0m [0m[1m[0mport[0m[0m        = 80 [90m->[0m [0m[90mnull[0m[0m
TestEndToEndDeploymentScenario 2022-08-12T17:59:11+03:00 logger.go:66:           [31m-[0m [0m[1m[0mprotocol[0m[0m    = "tcp" [90m->[0m [0m[90mnull[0m[0m
TestEndToEndDeploymentScenario 2022-08-12T17:59:11+03:00 logger.go:66:           [31m-[0m [0m[1m[0mtarget_port[0m[0m = 80 [90m->[0m [0m[90mnull[0m[0m
TestEndToEndDeploymentScenario 2022-08-12T17:59:11+03:00 logger.go:66: 
TestEndToEndDeploymentScenario 2022-08-12T17:59:11+03:00 logger.go:66:           [31m-[0m [0mexternal_address_spec {
TestEndToEndDeploymentScenario 2022-08-12T17:59:11+03:00 logger.go:66:               [31m-[0m [0m[1m[0maddress[0m[0m    = "62.84.118.222" [90m->[0m [0m[90mnull[0m[0m
TestEndToEndDeploymentScenario 2022-08-12T17:59:11+03:00 logger.go:66:               [31m-[0m [0m[1m[0mip_version[0m[0m = "ipv4" [90m->[0m [0m[90mnull[0m[0m
TestEndToEndDeploymentScenario 2022-08-12T17:59:11+03:00 logger.go:66:             }
TestEndToEndDeploymentScenario 2022-08-12T17:59:11+03:00 logger.go:66:         }
TestEndToEndDeploymentScenario 2022-08-12T17:59:11+03:00 logger.go:66:     }
TestEndToEndDeploymentScenario 2022-08-12T17:59:11+03:00 logger.go:66: 
TestEndToEndDeploymentScenario 2022-08-12T17:59:11+03:00 logger.go:66: [1m  # yandex_lb_target_group.wp_tg[0m will be [1m[31mdestroyed[0m[0m
TestEndToEndDeploymentScenario 2022-08-12T17:59:11+03:00 logger.go:66: [0m  [31m-[0m[0m resource "yandex_lb_target_group" "wp_tg" {
TestEndToEndDeploymentScenario 2022-08-12T17:59:11+03:00 logger.go:66:       [31m-[0m [0m[1m[0mcreated_at[0m[0m = "2022-08-12T14:51:13Z" [90m->[0m [0m[90mnull[0m[0m
TestEndToEndDeploymentScenario 2022-08-12T17:59:11+03:00 logger.go:66:       [31m-[0m [0m[1m[0mfolder_id[0m[0m  = "b1gunli0c206u2ra1b9l" [90m->[0m [0m[90mnull[0m[0m
TestEndToEndDeploymentScenario 2022-08-12T17:59:11+03:00 logger.go:66:       [31m-[0m [0m[1m[0mid[0m[0m         = "enpt2c8pnkc88sfi84g9" [90m->[0m [0m[90mnull[0m[0m
TestEndToEndDeploymentScenario 2022-08-12T17:59:11+03:00 logger.go:66:       [31m-[0m [0m[1m[0mlabels[0m[0m     = {} [90m->[0m [0m[90mnull[0m[0m
TestEndToEndDeploymentScenario 2022-08-12T17:59:11+03:00 logger.go:66:       [31m-[0m [0m[1m[0mname[0m[0m       = "wp-target-group" [90m->[0m [0m[90mnull[0m[0m
TestEndToEndDeploymentScenario 2022-08-12T17:59:11+03:00 logger.go:66:       [31m-[0m [0m[1m[0mregion_id[0m[0m  = "ru-central1" [90m->[0m [0m[90mnull[0m[0m
TestEndToEndDeploymentScenario 2022-08-12T17:59:11+03:00 logger.go:66: 
TestEndToEndDeploymentScenario 2022-08-12T17:59:11+03:00 logger.go:66:       [31m-[0m [0mtarget {
TestEndToEndDeploymentScenario 2022-08-12T17:59:11+03:00 logger.go:66:           [31m-[0m [0m[1m[0maddress[0m[0m   = "10.2.0.19" [90m->[0m [0m[90mnull[0m[0m
TestEndToEndDeploymentScenario 2022-08-12T17:59:11+03:00 logger.go:66:           [31m-[0m [0m[1m[0msubnet_id[0m[0m = "e9bt1c0oarciia3igbau" [90m->[0m [0m[90mnull[0m[0m
TestEndToEndDeploymentScenario 2022-08-12T17:59:11+03:00 logger.go:66:         }
TestEndToEndDeploymentScenario 2022-08-12T17:59:11+03:00 logger.go:66:       [31m-[0m [0mtarget {
TestEndToEndDeploymentScenario 2022-08-12T17:59:11+03:00 logger.go:66:           [31m-[0m [0m[1m[0maddress[0m[0m   = "10.3.0.13" [90m->[0m [0m[90mnull[0m[0m
TestEndToEndDeploymentScenario 2022-08-12T17:59:11+03:00 logger.go:66:           [31m-[0m [0m[1m[0msubnet_id[0m[0m = "e2ljbfqopkh7eummojsq" [90m->[0m [0m[90mnull[0m[0m
TestEndToEndDeploymentScenario 2022-08-12T17:59:11+03:00 logger.go:66:         }
TestEndToEndDeploymentScenario 2022-08-12T17:59:11+03:00 logger.go:66:     }
TestEndToEndDeploymentScenario 2022-08-12T17:59:11+03:00 logger.go:66: 
TestEndToEndDeploymentScenario 2022-08-12T17:59:11+03:00 logger.go:66: [1m  # yandex_mdb_mysql_cluster.wp_mysql[0m will be [1m[31mdestroyed[0m[0m
TestEndToEndDeploymentScenario 2022-08-12T17:59:11+03:00 logger.go:66: [0m  [31m-[0m[0m resource "yandex_mdb_mysql_cluster" "wp_mysql" {
TestEndToEndDeploymentScenario 2022-08-12T17:59:11+03:00 logger.go:66:       [31m-[0m [0m[1m[0mallow_regeneration_host[0m[0m = false [90m->[0m [0m[90mnull[0m[0m
TestEndToEndDeploymentScenario 2022-08-12T17:59:11+03:00 logger.go:66:       [31m-[0m [0m[1m[0mcreated_at[0m[0m              = "2022-08-12T14:50:37Z" [90m->[0m [0m[90mnull[0m[0m
TestEndToEndDeploymentScenario 2022-08-12T17:59:11+03:00 logger.go:66:       [31m-[0m [0m[1m[0mdeletion_protection[0m[0m     = false [90m->[0m [0m[90mnull[0m[0m
TestEndToEndDeploymentScenario 2022-08-12T17:59:11+03:00 logger.go:66:       [31m-[0m [0m[1m[0menvironment[0m[0m             = "PRODUCTION" [90m->[0m [0m[90mnull[0m[0m
TestEndToEndDeploymentScenario 2022-08-12T17:59:11+03:00 logger.go:66:       [31m-[0m [0m[1m[0mfolder_id[0m[0m               = "b1gunli0c206u2ra1b9l" [90m->[0m [0m[90mnull[0m[0m
TestEndToEndDeploymentScenario 2022-08-12T17:59:11+03:00 logger.go:66:       [31m-[0m [0m[1m[0mhealth[0m[0m                  = "ALIVE" [90m->[0m [0m[90mnull[0m[0m
TestEndToEndDeploymentScenario 2022-08-12T17:59:11+03:00 logger.go:66:       [31m-[0m [0m[1m[0mhost_group_ids[0m[0m          = [] [90m->[0m [0m[90mnull[0m[0m
TestEndToEndDeploymentScenario 2022-08-12T17:59:11+03:00 logger.go:66:       [31m-[0m [0m[1m[0mid[0m[0m                      = "c9qldcbfm9rerke9u052" [90m->[0m [0m[90mnull[0m[0m
TestEndToEndDeploymentScenario 2022-08-12T17:59:11+03:00 logger.go:66:       [31m-[0m [0m[1m[0mlabels[0m[0m                  = {} [90m->[0m [0m[90mnull[0m[0m
TestEndToEndDeploymentScenario 2022-08-12T17:59:11+03:00 logger.go:66:       [31m-[0m [0m[1m[0mmysql_config[0m[0m            = {
TestEndToEndDeploymentScenario 2022-08-12T17:59:11+03:00 logger.go:66:           [31m-[0m [0m"binlog_transaction_dependency_tracking" = "0"
TestEndToEndDeploymentScenario 2022-08-12T17:59:11+03:00 logger.go:66:           [31m-[0m [0m"log_slow_rate_type"                     = "0"
TestEndToEndDeploymentScenario 2022-08-12T17:59:11+03:00 logger.go:66:           [31m-[0m [0m"sql_mode"                               = "ONLY_FULL_GROUP_BY,STRICT_TRANS_TABLES,NO_ZERO_IN_DATE,NO_ZERO_DATE,ERROR_FOR_DIVISION_BY_ZERO,NO_ENGINE_SUBSTITUTION"
TestEndToEndDeploymentScenario 2022-08-12T17:59:11+03:00 logger.go:66:         } [90m->[0m [0m[90mnull[0m[0m
TestEndToEndDeploymentScenario 2022-08-12T17:59:11+03:00 logger.go:66:       [31m-[0m [0m[1m[0mname[0m[0m                    = "wp-mysql" [90m->[0m [0m[90mnull[0m[0m
TestEndToEndDeploymentScenario 2022-08-12T17:59:11+03:00 logger.go:66:       [31m-[0m [0m[1m[0mnetwork_id[0m[0m              = "enpgq06na6o2aonq1dd5" [90m->[0m [0m[90mnull[0m[0m
TestEndToEndDeploymentScenario 2022-08-12T17:59:11+03:00 logger.go:66:       [31m-[0m [0m[1m[0msecurity_group_ids[0m[0m      = [] [90m->[0m [0m[90mnull[0m[0m
TestEndToEndDeploymentScenario 2022-08-12T17:59:11+03:00 logger.go:66:       [31m-[0m [0m[1m[0mstatus[0m[0m                  = "RUNNING" [90m->[0m [0m[90mnull[0m[0m
TestEndToEndDeploymentScenario 2022-08-12T17:59:11+03:00 logger.go:66:       [31m-[0m [0m[1m[0mversion[0m[0m                 = "8.0" [90m->[0m [0m[90mnull[0m[0m
TestEndToEndDeploymentScenario 2022-08-12T17:59:11+03:00 logger.go:66: 
TestEndToEndDeploymentScenario 2022-08-12T17:59:11+03:00 logger.go:66:       [31m-[0m [0maccess {
TestEndToEndDeploymentScenario 2022-08-12T17:59:11+03:00 logger.go:66:           [31m-[0m [0m[1m[0mdata_lens[0m[0m = false [90m->[0m [0m[90mnull[0m[0m
TestEndToEndDeploymentScenario 2022-08-12T17:59:11+03:00 logger.go:66:           [31m-[0m [0m[1m[0mweb_sql[0m[0m   = false [90m->[0m [0m[90mnull[0m[0m
TestEndToEndDeploymentScenario 2022-08-12T17:59:11+03:00 logger.go:66:         }
TestEndToEndDeploymentScenario 2022-08-12T17:59:11+03:00 logger.go:66: 
TestEndToEndDeploymentScenario 2022-08-12T17:59:11+03:00 logger.go:66:       [31m-[0m [0mbackup_window_start {
TestEndToEndDeploymentScenario 2022-08-12T17:59:11+03:00 logger.go:66:           [31m-[0m [0m[1m[0mhours[0m[0m   = 0 [90m->[0m [0m[90mnull[0m[0m
TestEndToEndDeploymentScenario 2022-08-12T17:59:11+03:00 logger.go:66:           [31m-[0m [0m[1m[0mminutes[0m[0m = 0 [90m->[0m [0m[90mnull[0m[0m
TestEndToEndDeploymentScenario 2022-08-12T17:59:11+03:00 logger.go:66:         }
TestEndToEndDeploymentScenario 2022-08-12T17:59:11+03:00 logger.go:66: 
TestEndToEndDeploymentScenario 2022-08-12T17:59:11+03:00 logger.go:66:       [31m-[0m [0mhost {
TestEndToEndDeploymentScenario 2022-08-12T17:59:11+03:00 logger.go:66:           [31m-[0m [0m[1m[0massign_public_ip[0m[0m = true [90m->[0m [0m[90mnull[0m[0m
TestEndToEndDeploymentScenario 2022-08-12T17:59:11+03:00 logger.go:66:           [31m-[0m [0m[1m[0mbackup_priority[0m[0m  = 0 [90m->[0m [0m[90mnull[0m[0m
TestEndToEndDeploymentScenario 2022-08-12T17:59:11+03:00 logger.go:66:           [31m-[0m [0m[1m[0mfqdn[0m[0m             = "rc1a-g8gxpyi2fqxgsdzl.mdb.yandexcloud.net" [90m->[0m [0m[90mnull[0m[0m
TestEndToEndDeploymentScenario 2022-08-12T17:59:11+03:00 logger.go:66:           [31m-[0m [0m[1m[0mpriority[0m[0m         = 0 [90m->[0m [0m[90mnull[0m[0m
TestEndToEndDeploymentScenario 2022-08-12T17:59:11+03:00 logger.go:66:           [31m-[0m [0m[1m[0msubnet_id[0m[0m        = "e9bt1c0oarciia3igbau" [90m->[0m [0m[90mnull[0m[0m
TestEndToEndDeploymentScenario 2022-08-12T17:59:11+03:00 logger.go:66:           [31m-[0m [0m[1m[0mzone[0m[0m             = "ru-central1-a" [90m->[0m [0m[90mnull[0m[0m
TestEndToEndDeploymentScenario 2022-08-12T17:59:11+03:00 logger.go:66:         }
TestEndToEndDeploymentScenario 2022-08-12T17:59:11+03:00 logger.go:66:       [31m-[0m [0mhost {
TestEndToEndDeploymentScenario 2022-08-12T17:59:11+03:00 logger.go:66:           [31m-[0m [0m[1m[0massign_public_ip[0m[0m = true [90m->[0m [0m[90mnull[0m[0m
TestEndToEndDeploymentScenario 2022-08-12T17:59:11+03:00 logger.go:66:           [31m-[0m [0m[1m[0mbackup_priority[0m[0m  = 0 [90m->[0m [0m[90mnull[0m[0m
TestEndToEndDeploymentScenario 2022-08-12T17:59:11+03:00 logger.go:66:           [31m-[0m [0m[1m[0mfqdn[0m[0m             = "rc1b-wab26hr06f5z66id.mdb.yandexcloud.net" [90m->[0m [0m[90mnull[0m[0m
TestEndToEndDeploymentScenario 2022-08-12T17:59:11+03:00 logger.go:66:           [31m-[0m [0m[1m[0mpriority[0m[0m         = 0 [90m->[0m [0m[90mnull[0m[0m
TestEndToEndDeploymentScenario 2022-08-12T17:59:11+03:00 logger.go:66:           [31m-[0m [0m[1m[0msubnet_id[0m[0m        = "e2ljbfqopkh7eummojsq" [90m->[0m [0m[90mnull[0m[0m
TestEndToEndDeploymentScenario 2022-08-12T17:59:11+03:00 logger.go:66:           [31m-[0m [0m[1m[0mzone[0m[0m             = "ru-central1-b" [90m->[0m [0m[90mnull[0m[0m
TestEndToEndDeploymentScenario 2022-08-12T17:59:11+03:00 logger.go:66:         }
TestEndToEndDeploymentScenario 2022-08-12T17:59:11+03:00 logger.go:66: 
TestEndToEndDeploymentScenario 2022-08-12T17:59:11+03:00 logger.go:66:       [31m-[0m [0mmaintenance_window {
TestEndToEndDeploymentScenario 2022-08-12T17:59:11+03:00 logger.go:66:           [31m-[0m [0m[1m[0mhour[0m[0m = 0 [90m->[0m [0m[90mnull[0m[0m
TestEndToEndDeploymentScenario 2022-08-12T17:59:11+03:00 logger.go:66:           [31m-[0m [0m[1m[0mtype[0m[0m = "ANYTIME" [90m->[0m [0m[90mnull[0m[0m
TestEndToEndDeploymentScenario 2022-08-12T17:59:11+03:00 logger.go:66:         }
TestEndToEndDeploymentScenario 2022-08-12T17:59:11+03:00 logger.go:66: 
TestEndToEndDeploymentScenario 2022-08-12T17:59:11+03:00 logger.go:66:       [31m-[0m [0mperformance_diagnostics {
TestEndToEndDeploymentScenario 2022-08-12T17:59:11+03:00 logger.go:66:           [31m-[0m [0m[1m[0menabled[0m[0m                      = false [90m->[0m [0m[90mnull[0m[0m
TestEndToEndDeploymentScenario 2022-08-12T17:59:11+03:00 logger.go:66:           [31m-[0m [0m[1m[0msessions_sampling_interval[0m[0m   = 60 [90m->[0m [0m[90mnull[0m[0m
TestEndToEndDeploymentScenario 2022-08-12T17:59:11+03:00 logger.go:66:           [31m-[0m [0m[1m[0mstatements_sampling_interval[0m[0m = 600 [90m->[0m [0m[90mnull[0m[0m
TestEndToEndDeploymentScenario 2022-08-12T17:59:11+03:00 logger.go:66:         }
TestEndToEndDeploymentScenario 2022-08-12T17:59:11+03:00 logger.go:66: 
TestEndToEndDeploymentScenario 2022-08-12T17:59:11+03:00 logger.go:66:       [31m-[0m [0mresources {
TestEndToEndDeploymentScenario 2022-08-12T17:59:11+03:00 logger.go:66:           [31m-[0m [0m[1m[0mdisk_size[0m[0m          = 16 [90m->[0m [0m[90mnull[0m[0m
TestEndToEndDeploymentScenario 2022-08-12T17:59:11+03:00 logger.go:66:           [31m-[0m [0m[1m[0mdisk_type_id[0m[0m       = "network-ssd" [90m->[0m [0m[90mnull[0m[0m
TestEndToEndDeploymentScenario 2022-08-12T17:59:11+03:00 logger.go:66:           [31m-[0m [0m[1m[0mresource_preset_id[0m[0m = "s2.micro" [90m->[0m [0m[90mnull[0m[0m
TestEndToEndDeploymentScenario 2022-08-12T17:59:11+03:00 logger.go:66:         }
TestEndToEndDeploymentScenario 2022-08-12T17:59:11+03:00 logger.go:66:     }
TestEndToEndDeploymentScenario 2022-08-12T17:59:11+03:00 logger.go:66: 
TestEndToEndDeploymentScenario 2022-08-12T17:59:11+03:00 logger.go:66: [1m  # yandex_mdb_mysql_database.wp[0m will be [1m[31mdestroyed[0m[0m
TestEndToEndDeploymentScenario 2022-08-12T17:59:11+03:00 logger.go:66: [0m  [31m-[0m[0m resource "yandex_mdb_mysql_database" "wp" {
TestEndToEndDeploymentScenario 2022-08-12T17:59:11+03:00 logger.go:66:       [31m-[0m [0m[1m[0mcluster_id[0m[0m = "c9qldcbfm9rerke9u052" [90m->[0m [0m[90mnull[0m[0m
TestEndToEndDeploymentScenario 2022-08-12T17:59:11+03:00 logger.go:66:       [31m-[0m [0m[1m[0mid[0m[0m         = "c9qldcbfm9rerke9u052:db" [90m->[0m [0m[90mnull[0m[0m
TestEndToEndDeploymentScenario 2022-08-12T17:59:11+03:00 logger.go:66:       [31m-[0m [0m[1m[0mname[0m[0m       = "db" [90m->[0m [0m[90mnull[0m[0m
TestEndToEndDeploymentScenario 2022-08-12T17:59:11+03:00 logger.go:66:     }
TestEndToEndDeploymentScenario 2022-08-12T17:59:11+03:00 logger.go:66: 
TestEndToEndDeploymentScenario 2022-08-12T17:59:11+03:00 logger.go:66: [1m  # yandex_mdb_mysql_user.user[0m will be [1m[31mdestroyed[0m[0m
TestEndToEndDeploymentScenario 2022-08-12T17:59:11+03:00 logger.go:66: [0m  [31m-[0m[0m resource "yandex_mdb_mysql_user" "user" {
TestEndToEndDeploymentScenario 2022-08-12T17:59:11+03:00 logger.go:66:       [31m-[0m [0m[1m[0mauthentication_plugin[0m[0m = "MYSQL_NATIVE_PASSWORD" [90m->[0m [0m[90mnull[0m[0m
TestEndToEndDeploymentScenario 2022-08-12T17:59:11+03:00 logger.go:66:       [31m-[0m [0m[1m[0mcluster_id[0m[0m            = "c9qldcbfm9rerke9u052" [90m->[0m [0m[90mnull[0m[0m
TestEndToEndDeploymentScenario 2022-08-12T17:59:11+03:00 logger.go:66:       [31m-[0m [0m[1m[0mglobal_permissions[0m[0m    = [] [90m->[0m [0m[90mnull[0m[0m
TestEndToEndDeploymentScenario 2022-08-12T17:59:11+03:00 logger.go:66:       [31m-[0m [0m[1m[0mid[0m[0m                    = "c9qldcbfm9rerke9u052:user" [90m->[0m [0m[90mnull[0m[0m
TestEndToEndDeploymentScenario 2022-08-12T17:59:11+03:00 logger.go:66:       [31m-[0m [0m[1m[0mname[0m[0m                  = "user" [90m->[0m [0m[90mnull[0m[0m
TestEndToEndDeploymentScenario 2022-08-12T17:59:11+03:00 logger.go:66:       [31m-[0m [0m[1m[0mpassword[0m[0m              = (sensitive value)
TestEndToEndDeploymentScenario 2022-08-12T17:59:11+03:00 logger.go:66: 
TestEndToEndDeploymentScenario 2022-08-12T17:59:11+03:00 logger.go:66:       [31m-[0m [0mpermission {
TestEndToEndDeploymentScenario 2022-08-12T17:59:11+03:00 logger.go:66:           [31m-[0m [0m[1m[0mdatabase_name[0m[0m = "db" [90m->[0m [0m[90mnull[0m[0m
TestEndToEndDeploymentScenario 2022-08-12T17:59:11+03:00 logger.go:66:           [31m-[0m [0m[1m[0mroles[0m[0m         = [
TestEndToEndDeploymentScenario 2022-08-12T17:59:11+03:00 logger.go:66:               [31m-[0m [0m"ALL",
TestEndToEndDeploymentScenario 2022-08-12T17:59:11+03:00 logger.go:66:             ] [90m->[0m [0m[90mnull[0m[0m
TestEndToEndDeploymentScenario 2022-08-12T17:59:11+03:00 logger.go:66:         }
TestEndToEndDeploymentScenario 2022-08-12T17:59:11+03:00 logger.go:66:     }
TestEndToEndDeploymentScenario 2022-08-12T17:59:11+03:00 logger.go:66: 
TestEndToEndDeploymentScenario 2022-08-12T17:59:11+03:00 logger.go:66: [1m  # yandex_vpc_network.wp-network[0m will be [1m[31mdestroyed[0m[0m
TestEndToEndDeploymentScenario 2022-08-12T17:59:11+03:00 logger.go:66: [0m  [31m-[0m[0m resource "yandex_vpc_network" "wp-network" {
TestEndToEndDeploymentScenario 2022-08-12T17:59:11+03:00 logger.go:66:       [31m-[0m [0m[1m[0mcreated_at[0m[0m = "2022-08-12T14:50:34Z" [90m->[0m [0m[90mnull[0m[0m
TestEndToEndDeploymentScenario 2022-08-12T17:59:11+03:00 logger.go:66:       [31m-[0m [0m[1m[0mfolder_id[0m[0m  = "b1gunli0c206u2ra1b9l" [90m->[0m [0m[90mnull[0m[0m
TestEndToEndDeploymentScenario 2022-08-12T17:59:11+03:00 logger.go:66:       [31m-[0m [0m[1m[0mid[0m[0m         = "enpgq06na6o2aonq1dd5" [90m->[0m [0m[90mnull[0m[0m
TestEndToEndDeploymentScenario 2022-08-12T17:59:11+03:00 logger.go:66:       [31m-[0m [0m[1m[0mlabels[0m[0m     = {} [90m->[0m [0m[90mnull[0m[0m
TestEndToEndDeploymentScenario 2022-08-12T17:59:11+03:00 logger.go:66:       [31m-[0m [0m[1m[0mname[0m[0m       = "wp-network" [90m->[0m [0m[90mnull[0m[0m
TestEndToEndDeploymentScenario 2022-08-12T17:59:11+03:00 logger.go:66:       [31m-[0m [0m[1m[0msubnet_ids[0m[0m = [
TestEndToEndDeploymentScenario 2022-08-12T17:59:11+03:00 logger.go:66:           [31m-[0m [0m"e2ljbfqopkh7eummojsq",
TestEndToEndDeploymentScenario 2022-08-12T17:59:11+03:00 logger.go:66:           [31m-[0m [0m"e9bt1c0oarciia3igbau",
TestEndToEndDeploymentScenario 2022-08-12T17:59:11+03:00 logger.go:66:         ] [90m->[0m [0m[90mnull[0m[0m
TestEndToEndDeploymentScenario 2022-08-12T17:59:11+03:00 logger.go:66:     }
TestEndToEndDeploymentScenario 2022-08-12T17:59:11+03:00 logger.go:66: 
TestEndToEndDeploymentScenario 2022-08-12T17:59:11+03:00 logger.go:66: [1m  # yandex_vpc_subnet.wp-subnets["a"][0m will be [1m[31mdestroyed[0m[0m
TestEndToEndDeploymentScenario 2022-08-12T17:59:11+03:00 logger.go:66: [0m  [31m-[0m[0m resource "yandex_vpc_subnet" "wp-subnets" {
TestEndToEndDeploymentScenario 2022-08-12T17:59:11+03:00 logger.go:66:       [31m-[0m [0m[1m[0mcreated_at[0m[0m     = "2022-08-12T14:50:36Z" [90m->[0m [0m[90mnull[0m[0m
TestEndToEndDeploymentScenario 2022-08-12T17:59:11+03:00 logger.go:66:       [31m-[0m [0m[1m[0mfolder_id[0m[0m      = "b1gunli0c206u2ra1b9l" [90m->[0m [0m[90mnull[0m[0m
TestEndToEndDeploymentScenario 2022-08-12T17:59:11+03:00 logger.go:66:       [31m-[0m [0m[1m[0mid[0m[0m             = "e9bt1c0oarciia3igbau" [90m->[0m [0m[90mnull[0m[0m
TestEndToEndDeploymentScenario 2022-08-12T17:59:11+03:00 logger.go:66:       [31m-[0m [0m[1m[0mlabels[0m[0m         = {} [90m->[0m [0m[90mnull[0m[0m
TestEndToEndDeploymentScenario 2022-08-12T17:59:11+03:00 logger.go:66:       [31m-[0m [0m[1m[0mname[0m[0m           = "wp-subnet-a" [90m->[0m [0m[90mnull[0m[0m
TestEndToEndDeploymentScenario 2022-08-12T17:59:11+03:00 logger.go:66:       [31m-[0m [0m[1m[0mnetwork_id[0m[0m     = "enpgq06na6o2aonq1dd5" [90m->[0m [0m[90mnull[0m[0m
TestEndToEndDeploymentScenario 2022-08-12T17:59:11+03:00 logger.go:66:       [31m-[0m [0m[1m[0mv4_cidr_blocks[0m[0m = [
TestEndToEndDeploymentScenario 2022-08-12T17:59:11+03:00 logger.go:66:           [31m-[0m [0m"10.2.0.0/16",
TestEndToEndDeploymentScenario 2022-08-12T17:59:11+03:00 logger.go:66:         ] [90m->[0m [0m[90mnull[0m[0m
TestEndToEndDeploymentScenario 2022-08-12T17:59:11+03:00 logger.go:66:       [31m-[0m [0m[1m[0mv6_cidr_blocks[0m[0m = [] [90m->[0m [0m[90mnull[0m[0m
TestEndToEndDeploymentScenario 2022-08-12T17:59:11+03:00 logger.go:66:       [31m-[0m [0m[1m[0mzone[0m[0m           = "ru-central1-a" [90m->[0m [0m[90mnull[0m[0m
TestEndToEndDeploymentScenario 2022-08-12T17:59:11+03:00 logger.go:66:     }
TestEndToEndDeploymentScenario 2022-08-12T17:59:11+03:00 logger.go:66: 
TestEndToEndDeploymentScenario 2022-08-12T17:59:11+03:00 logger.go:66: [1m  # yandex_vpc_subnet.wp-subnets["b"][0m will be [1m[31mdestroyed[0m[0m
TestEndToEndDeploymentScenario 2022-08-12T17:59:11+03:00 logger.go:66: [0m  [31m-[0m[0m resource "yandex_vpc_subnet" "wp-subnets" {
TestEndToEndDeploymentScenario 2022-08-12T17:59:11+03:00 logger.go:66:       [31m-[0m [0m[1m[0mcreated_at[0m[0m     = "2022-08-12T14:50:35Z" [90m->[0m [0m[90mnull[0m[0m
TestEndToEndDeploymentScenario 2022-08-12T17:59:11+03:00 logger.go:66:       [31m-[0m [0m[1m[0mfolder_id[0m[0m      = "b1gunli0c206u2ra1b9l" [90m->[0m [0m[90mnull[0m[0m
TestEndToEndDeploymentScenario 2022-08-12T17:59:11+03:00 logger.go:66:       [31m-[0m [0m[1m[0mid[0m[0m             = "e2ljbfqopkh7eummojsq" [90m->[0m [0m[90mnull[0m[0m
TestEndToEndDeploymentScenario 2022-08-12T17:59:11+03:00 logger.go:66:       [31m-[0m [0m[1m[0mlabels[0m[0m         = {} [90m->[0m [0m[90mnull[0m[0m
TestEndToEndDeploymentScenario 2022-08-12T17:59:11+03:00 logger.go:66:       [31m-[0m [0m[1m[0mname[0m[0m           = "wp-subnet-b" [90m->[0m [0m[90mnull[0m[0m
TestEndToEndDeploymentScenario 2022-08-12T17:59:11+03:00 logger.go:66:       [31m-[0m [0m[1m[0mnetwork_id[0m[0m     = "enpgq06na6o2aonq1dd5" [90m->[0m [0m[90mnull[0m[0m
TestEndToEndDeploymentScenario 2022-08-12T17:59:11+03:00 logger.go:66:       [31m-[0m [0m[1m[0mv4_cidr_blocks[0m[0m = [
TestEndToEndDeploymentScenario 2022-08-12T17:59:11+03:00 logger.go:66:           [31m-[0m [0m"10.3.0.0/16",
TestEndToEndDeploymentScenario 2022-08-12T17:59:11+03:00 logger.go:66:         ] [90m->[0m [0m[90mnull[0m[0m
TestEndToEndDeploymentScenario 2022-08-12T17:59:11+03:00 logger.go:66:       [31m-[0m [0m[1m[0mv6_cidr_blocks[0m[0m = [] [90m->[0m [0m[90mnull[0m[0m
TestEndToEndDeploymentScenario 2022-08-12T17:59:11+03:00 logger.go:66:       [31m-[0m [0m[1m[0mzone[0m[0m           = "ru-central1-b" [90m->[0m [0m[90mnull[0m[0m
TestEndToEndDeploymentScenario 2022-08-12T17:59:11+03:00 logger.go:66:     }
TestEndToEndDeploymentScenario 2022-08-12T17:59:11+03:00 logger.go:66: 
TestEndToEndDeploymentScenario 2022-08-12T17:59:11+03:00 logger.go:66: [0m[1mPlan:[0m 0 to add, 0 to change, 10 to destroy.
TestEndToEndDeploymentScenario 2022-08-12T17:59:11+03:00 logger.go:66: [0m[0m
TestEndToEndDeploymentScenario 2022-08-12T17:59:11+03:00 logger.go:66: [1mChanges to Outputs:[0m[0m
TestEndToEndDeploymentScenario 2022-08-12T17:59:11+03:00 logger.go:66:   [31m-[0m [0m[1m[0mdatabase_host_fqdn[0m[0m         = [
TestEndToEndDeploymentScenario 2022-08-12T17:59:11+03:00 logger.go:66:       [31m-[0m [0m"rc1a-g8gxpyi2fqxgsdzl.mdb.yandexcloud.net",
TestEndToEndDeploymentScenario 2022-08-12T17:59:11+03:00 logger.go:66:       [31m-[0m [0m"rc1b-wab26hr06f5z66id.mdb.yandexcloud.net",
TestEndToEndDeploymentScenario 2022-08-12T17:59:11+03:00 logger.go:66:     ] [90m->[0m [0m[90mnull[0m[0m
TestEndToEndDeploymentScenario 2022-08-12T17:59:11+03:00 logger.go:66:   [31m-[0m [0m[1m[0mdatabase_host_fqdn_first[0m[0m   = "rc1a-g8gxpyi2fqxgsdzl.mdb.yandexcloud.net" [90m->[0m [0m[90mnull[0m[0m
TestEndToEndDeploymentScenario 2022-08-12T17:59:11+03:00 logger.go:66:   [31m-[0m [0m[1m[0mdatabase_name[0m[0m              = "db" [90m->[0m [0m[90mnull[0m[0m
TestEndToEndDeploymentScenario 2022-08-12T17:59:11+03:00 logger.go:66:   [31m-[0m [0m[1m[0mdatabase_password[0m[0m          = (sensitive value)
TestEndToEndDeploymentScenario 2022-08-12T17:59:11+03:00 logger.go:66:   [31m-[0m [0m[1m[0mdatabase_user[0m[0m              = "user" [90m->[0m [0m[90mnull[0m[0m
TestEndToEndDeploymentScenario 2022-08-12T17:59:11+03:00 logger.go:66:   [31m-[0m [0m[1m[0mload_balancer_public_ip[0m[0m    = "62.84.118.222" [90m->[0m [0m[90mnull[0m[0m
TestEndToEndDeploymentScenario 2022-08-12T17:59:11+03:00 logger.go:66:   [31m-[0m [0m[1m[0mvm_linux_public_ip_address[0m[0m = "51.250.15.151" [90m->[0m [0m[90mnull[0m[0m
TestEndToEndDeploymentScenario 2022-08-12T17:59:11+03:00 logger.go:66: [0m[1myandex_mdb_mysql_user.user: Destroying... [id=c9qldcbfm9rerke9u052:user][0m[0m
TestEndToEndDeploymentScenario 2022-08-12T17:59:11+03:00 logger.go:66: [0m[1myandex_lb_network_load_balancer.wp_lb: Destroying... [id=enpjnkkfelsl1race0se][0m[0m
TestEndToEndDeploymentScenario 2022-08-12T17:59:15+03:00 logger.go:66: [0m[1myandex_lb_network_load_balancer.wp_lb: Destruction complete after 4s[0m
TestEndToEndDeploymentScenario 2022-08-12T17:59:15+03:00 logger.go:66: [0m[1myandex_lb_target_group.wp_tg: Destroying... [id=enpt2c8pnkc88sfi84g9][0m[0m
TestEndToEndDeploymentScenario 2022-08-12T17:59:17+03:00 logger.go:66: [0m[1myandex_lb_target_group.wp_tg: Destruction complete after 2s[0m
TestEndToEndDeploymentScenario 2022-08-12T17:59:17+03:00 logger.go:66: [0m[1myandex_compute_instance.wp-apps["b"]: Destroying... [id=epddrlrrsj1l1plf5tmm][0m[0m
TestEndToEndDeploymentScenario 2022-08-12T17:59:17+03:00 logger.go:66: [0m[1myandex_compute_instance.wp-apps["a"]: Destroying... [id=fhmeh2io7b7csrv1ejrr][0m[0m
TestEndToEndDeploymentScenario 2022-08-12T17:59:21+03:00 logger.go:66: [0m[1myandex_mdb_mysql_user.user: Still destroying... [id=c9qldcbfm9rerke9u052:user, 10s elapsed][0m[0m
TestEndToEndDeploymentScenario 2022-08-12T17:59:27+03:00 logger.go:66: [0m[1myandex_compute_instance.wp-apps["a"]: Still destroying... [id=fhmeh2io7b7csrv1ejrr, 10s elapsed][0m[0m
TestEndToEndDeploymentScenario 2022-08-12T17:59:27+03:00 logger.go:66: [0m[1myandex_compute_instance.wp-apps["b"]: Still destroying... [id=epddrlrrsj1l1plf5tmm, 10s elapsed][0m[0m
TestEndToEndDeploymentScenario 2022-08-12T17:59:31+03:00 logger.go:66: [0m[1myandex_mdb_mysql_user.user: Still destroying... [id=c9qldcbfm9rerke9u052:user, 20s elapsed][0m[0m
TestEndToEndDeploymentScenario 2022-08-12T17:59:35+03:00 logger.go:66: [0m[1myandex_compute_instance.wp-apps["b"]: Destruction complete after 17s[0m
TestEndToEndDeploymentScenario 2022-08-12T17:59:35+03:00 logger.go:66: [0m[1myandex_mdb_mysql_user.user: Destruction complete after 24s[0m
TestEndToEndDeploymentScenario 2022-08-12T17:59:35+03:00 logger.go:66: [0m[1myandex_mdb_mysql_database.wp: Destroying... [id=c9qldcbfm9rerke9u052:db][0m[0m
TestEndToEndDeploymentScenario 2022-08-12T17:59:37+03:00 logger.go:66: [0m[1myandex_compute_instance.wp-apps["a"]: Destruction complete after 20s[0m
TestEndToEndDeploymentScenario 2022-08-12T17:59:45+03:00 logger.go:66: [0m[1myandex_mdb_mysql_database.wp: Still destroying... [id=c9qldcbfm9rerke9u052:db, 10s elapsed][0m[0m
TestEndToEndDeploymentScenario 2022-08-12T17:59:55+03:00 logger.go:66: [0m[1myandex_mdb_mysql_database.wp: Still destroying... [id=c9qldcbfm9rerke9u052:db, 20s elapsed][0m[0m
TestEndToEndDeploymentScenario 2022-08-12T17:59:56+03:00 logger.go:66: [0m[1myandex_mdb_mysql_database.wp: Destruction complete after 21s[0m
TestEndToEndDeploymentScenario 2022-08-12T17:59:56+03:00 logger.go:66: [0m[1myandex_mdb_mysql_cluster.wp_mysql: Destroying... [id=c9qldcbfm9rerke9u052][0m[0m
TestEndToEndDeploymentScenario 2022-08-12T18:00:06+03:00 logger.go:66: [0m[1myandex_mdb_mysql_cluster.wp_mysql: Still destroying... [id=c9qldcbfm9rerke9u052, 10s elapsed][0m[0m
TestEndToEndDeploymentScenario 2022-08-12T18:00:16+03:00 logger.go:66: [0m[1myandex_mdb_mysql_cluster.wp_mysql: Still destroying... [id=c9qldcbfm9rerke9u052, 20s elapsed][0m[0m
TestEndToEndDeploymentScenario 2022-08-12T18:00:26+03:00 logger.go:66: [0m[1myandex_mdb_mysql_cluster.wp_mysql: Still destroying... [id=c9qldcbfm9rerke9u052, 30s elapsed][0m[0m
TestEndToEndDeploymentScenario 2022-08-12T18:00:36+03:00 logger.go:66: [0m[1myandex_mdb_mysql_cluster.wp_mysql: Still destroying... [id=c9qldcbfm9rerke9u052, 40s elapsed][0m[0m
TestEndToEndDeploymentScenario 2022-08-12T18:00:46+03:00 logger.go:66: [0m[1myandex_mdb_mysql_cluster.wp_mysql: Still destroying... [id=c9qldcbfm9rerke9u052, 50s elapsed][0m[0m
TestEndToEndDeploymentScenario 2022-08-12T18:00:55+03:00 logger.go:66: [0m[1myandex_mdb_mysql_cluster.wp_mysql: Destruction complete after 58s[0m
TestEndToEndDeploymentScenario 2022-08-12T18:00:55+03:00 logger.go:66: [0m[1myandex_vpc_subnet.wp-subnets["b"]: Destroying... [id=e2ljbfqopkh7eummojsq][0m[0m
TestEndToEndDeploymentScenario 2022-08-12T18:00:55+03:00 logger.go:66: [0m[1myandex_vpc_subnet.wp-subnets["a"]: Destroying... [id=e9bt1c0oarciia3igbau][0m[0m
TestEndToEndDeploymentScenario 2022-08-12T18:01:02+03:00 logger.go:66: [0m[1myandex_vpc_subnet.wp-subnets["b"]: Destruction complete after 7s[0m
TestEndToEndDeploymentScenario 2022-08-12T18:01:04+03:00 logger.go:66: [0m[1myandex_vpc_subnet.wp-subnets["a"]: Destruction complete after 10s[0m
TestEndToEndDeploymentScenario 2022-08-12T18:01:04+03:00 logger.go:66: [0m[1myandex_vpc_network.wp-network: Destroying... [id=enpgq06na6o2aonq1dd5][0m[0m
TestEndToEndDeploymentScenario 2022-08-12T18:01:05+03:00 logger.go:66: [0m[1myandex_vpc_network.wp-network: Destruction complete after 0s[0m
TestEndToEndDeploymentScenario 2022-08-12T18:01:05+03:00 logger.go:66: [0m[1m[32m
TestEndToEndDeploymentScenario 2022-08-12T18:01:05+03:00 logger.go:66: Destroy complete! Resources: 10 destroyed.
TestEndToEndDeploymentScenario 2022-08-12T18:01:05+03:00 logger.go:66: [0m
--- PASS: TestEndToEndDeploymentScenario (636.42s)
PASS
ok  	test	636.433s
